<?xml version="1.0" encoding="UTF-8"?>
<!DOCTYPE plist PUBLIC "-//Apple//DTD PLIST 1.0//EN" "http://www.apple.com/DTDs/PropertyList-1.0.dtd">
<plist version="1.0">
<dict>
	<key>archiveVersion</key>
	<string>1</string>
	<key>classes</key>
	<dict/>
	<key>objectVersion</key>
	<string>46</string>
	<key>objects</key>
	<dict>
		<key>01A327A77EDC8F6277D24B57</key>
		<dict>
			<key>buildActionMask</key>
			<string>2147483647</string>
			<key>files</key>
			<array/>
			<key>inputPaths</key>
			<array/>
			<key>isa</key>
			<string>PBXShellScriptBuildPhase</string>
			<key>name</key>
			<string>[CP] Copy Pods Resources</string>
			<key>outputPaths</key>
			<array/>
			<key>runOnlyForDeploymentPostprocessing</key>
			<string>0</string>
			<key>shellPath</key>
			<string>/bin/sh</string>
			<key>shellScript</key>
			<string>"${SRCROOT}/Pods/Target Support Files/Pods-BreastScreeningDecisionsTests/Pods-BreastScreeningDecisionsTests-resources.sh"
</string>
			<key>showEnvVarsInLog</key>
			<string>0</string>
		</dict>
		<key>159388C402C00D637276C5CD</key>
		<dict>
			<key>buildActionMask</key>
			<string>2147483647</string>
			<key>files</key>
			<array/>
			<key>inputPaths</key>
			<array/>
			<key>isa</key>
			<string>PBXShellScriptBuildPhase</string>
			<key>name</key>
			<string>[CP] Embed Pods Frameworks</string>
			<key>outputPaths</key>
			<array/>
			<key>runOnlyForDeploymentPostprocessing</key>
			<string>0</string>
			<key>shellPath</key>
			<string>/bin/sh</string>
			<key>shellScript</key>
			<string>"${SRCROOT}/Pods/Target Support Files/Pods-BreastScreeningDecisions/Pods-BreastScreeningDecisions-frameworks.sh"
</string>
			<key>showEnvVarsInLog</key>
			<string>0</string>
		</dict>
		<key>16489EB01F19B912CA101E54</key>
		<dict>
			<key>fileRef</key>
			<string>1911E738AD99269828D862A4</string>
			<key>isa</key>
			<string>PBXBuildFile</string>
		</dict>
		<key>1911E738AD99269828D862A4</key>
		<dict>
			<key>explicitFileType</key>
			<string>wrapper.framework</string>
			<key>includeInIndex</key>
			<string>0</string>
			<key>isa</key>
			<string>PBXFileReference</string>
			<key>path</key>
			<string>Pods_BreastScreeningDecisions.framework</string>
			<key>sourceTree</key>
			<string>BUILT_PRODUCTS_DIR</string>
		</dict>
		<key>1D423DC9023B7B5BDF98C0D0</key>
		<dict>
			<key>explicitFileType</key>
			<string>wrapper.framework</string>
			<key>includeInIndex</key>
			<string>0</string>
			<key>isa</key>
			<string>PBXFileReference</string>
			<key>path</key>
			<string>Pods_BreastScreeningDecisionsTests.framework</string>
			<key>sourceTree</key>
			<string>BUILT_PRODUCTS_DIR</string>
		</dict>
		<key>4203D496A2FA29D809359EE6</key>
		<dict>
			<key>children</key>
			<array>
				<string>1911E738AD99269828D862A4</string>
				<string>1D423DC9023B7B5BDF98C0D0</string>
				<string>A6FC0AEBCEAD5CFCB50B2E96</string>
			</array>
			<key>isa</key>
			<string>PBXGroup</string>
			<key>name</key>
			<string>Frameworks</string>
			<key>sourceTree</key>
			<string>&lt;group&gt;</string>
		</dict>
		<key>435AAEECA97F36CDAB0E9930</key>
		<dict>
			<key>buildActionMask</key>
			<string>2147483647</string>
			<key>files</key>
			<array/>
			<key>inputPaths</key>
			<array/>
			<key>isa</key>
			<string>PBXShellScriptBuildPhase</string>
			<key>name</key>
			<string>[CP] Embed Pods Frameworks</string>
			<key>outputPaths</key>
			<array/>
			<key>runOnlyForDeploymentPostprocessing</key>
			<string>0</string>
			<key>shellPath</key>
			<string>/bin/sh</string>
			<key>shellScript</key>
			<string>"${SRCROOT}/Pods/Target Support Files/Pods-BreastScreeningDecisionsTests/Pods-BreastScreeningDecisionsTests-frameworks.sh"
</string>
			<key>showEnvVarsInLog</key>
			<string>0</string>
		</dict>
		<key>4DA7F21A93FEBE8B73240C74</key>
		<dict>
			<key>includeInIndex</key>
			<string>1</string>
			<key>isa</key>
			<string>PBXFileReference</string>
			<key>lastKnownFileType</key>
			<string>text.xcconfig</string>
			<key>name</key>
			<string>Pods-BreastScreeningDecisionsTests.debug.xcconfig</string>
			<key>path</key>
			<string>Pods/Target Support Files/Pods-BreastScreeningDecisionsTests/Pods-BreastScreeningDecisionsTests.debug.xcconfig</string>
			<key>sourceTree</key>
			<string>&lt;group&gt;</string>
		</dict>
		<key>6FE163BD947453D7350DBDCB</key>
		<dict>
			<key>buildActionMask</key>
			<string>2147483647</string>
			<key>files</key>
			<array/>
			<key>inputPaths</key>
			<array/>
			<key>isa</key>
			<string>PBXShellScriptBuildPhase</string>
			<key>name</key>
			<string>[CP] Copy Pods Resources</string>
			<key>outputPaths</key>
			<array/>
			<key>runOnlyForDeploymentPostprocessing</key>
			<string>0</string>
			<key>shellPath</key>
			<string>/bin/sh</string>
			<key>shellScript</key>
			<string>"${SRCROOT}/Pods/Target Support Files/Pods-BreastScreeningDecisionsUITests/Pods-BreastScreeningDecisionsUITests-resources.sh"
</string>
			<key>showEnvVarsInLog</key>
			<string>0</string>
		</dict>
		<key>7C0D14096A03EF8A933C7EF9</key>
		<dict>
			<key>includeInIndex</key>
			<string>1</string>
			<key>isa</key>
			<string>PBXFileReference</string>
			<key>lastKnownFileType</key>
			<string>text.xcconfig</string>
			<key>name</key>
			<string>Pods-BreastScreeningDecisionsUITests.debug.xcconfig</string>
			<key>path</key>
			<string>Pods/Target Support Files/Pods-BreastScreeningDecisionsUITests/Pods-BreastScreeningDecisionsUITests.debug.xcconfig</string>
			<key>sourceTree</key>
			<string>&lt;group&gt;</string>
		</dict>
		<key>A6FC0AEBCEAD5CFCB50B2E96</key>
		<dict>
			<key>explicitFileType</key>
			<string>wrapper.framework</string>
			<key>includeInIndex</key>
			<string>0</string>
			<key>isa</key>
			<string>PBXFileReference</string>
			<key>path</key>
			<string>Pods_BreastScreeningDecisionsUITests.framework</string>
			<key>sourceTree</key>
			<string>BUILT_PRODUCTS_DIR</string>
		</dict>
		<key>A8B7F19C1DD668E30022ED0B</key>
		<dict>
			<key>children</key>
			<array>
				<string>A8B7F1A71DD668E30022ED0B</string>
				<string>A8B7F1BC1DD668E30022ED0B</string>
				<string>A8B7F1C71DD668E30022ED0B</string>
				<string>A8B7F1A61DD668E30022ED0B</string>
				<string>ED23B100DC109D9C7B15A5DC</string>
				<string>4203D496A2FA29D809359EE6</string>
			</array>
			<key>isa</key>
			<string>PBXGroup</string>
			<key>sourceTree</key>
			<string>&lt;group&gt;</string>
		</dict>
		<key>A8B7F19D1DD668E30022ED0B</key>
		<dict>
			<key>attributes</key>
			<dict>
				<key>LastSwiftUpdateCheck</key>
				<string>0810</string>
				<key>LastUpgradeCheck</key>
				<string>0810</string>
				<key>ORGANIZATIONNAME</key>
				<string>Weill Cornell Medicine</string>
				<key>TargetAttributes</key>
				<dict>
					<key>A8B7F1A41DD668E30022ED0B</key>
					<dict>
						<key>CreatedOnToolsVersion</key>
						<string>8.1</string>
						<key>DevelopmentTeam</key>
						<string>N7T323633C</string>
						<key>ProvisioningStyle</key>
						<string>Automatic</string>
					</dict>
					<key>A8B7F1B81DD668E30022ED0B</key>
					<dict>
						<key>CreatedOnToolsVersion</key>
						<string>8.1</string>
						<key>DevelopmentTeam</key>
						<string>N7T323633C</string>
						<key>ProvisioningStyle</key>
						<string>Automatic</string>
						<key>TestTargetID</key>
						<string>A8B7F1A41DD668E30022ED0B</string>
					</dict>
					<key>A8B7F1C31DD668E30022ED0B</key>
					<dict>
						<key>CreatedOnToolsVersion</key>
						<string>8.1</string>
						<key>DevelopmentTeam</key>
						<string>N7T323633C</string>
						<key>ProvisioningStyle</key>
						<string>Automatic</string>
						<key>TestTargetID</key>
						<string>A8B7F1A41DD668E30022ED0B</string>
					</dict>
				</dict>
			</dict>
			<key>buildConfigurationList</key>
			<string>A8B7F1A01DD668E30022ED0B</string>
			<key>compatibilityVersion</key>
			<string>Xcode 3.2</string>
			<key>developmentRegion</key>
			<string>English</string>
			<key>hasScannedForEncodings</key>
			<string>0</string>
			<key>isa</key>
			<string>PBXProject</string>
			<key>knownRegions</key>
			<array>
				<string>en</string>
				<string>Base</string>
			</array>
			<key>mainGroup</key>
			<string>A8B7F19C1DD668E30022ED0B</string>
			<key>productRefGroup</key>
			<string>A8B7F1A61DD668E30022ED0B</string>
			<key>projectDirPath</key>
			<string></string>
			<key>projectReferences</key>
			<array/>
			<key>projectRoot</key>
			<string></string>
			<key>targets</key>
			<array>
				<string>A8B7F1A41DD668E30022ED0B</string>
				<string>A8B7F1B81DD668E30022ED0B</string>
				<string>A8B7F1C31DD668E30022ED0B</string>
			</array>
		</dict>
		<key>A8B7F1A01DD668E30022ED0B</key>
		<dict>
			<key>buildConfigurations</key>
			<array>
				<string>A8B7F1CB1DD668E30022ED0B</string>
				<string>A8B7F1CC1DD668E30022ED0B</string>
			</array>
			<key>defaultConfigurationIsVisible</key>
			<string>0</string>
			<key>defaultConfigurationName</key>
			<string>Release</string>
			<key>isa</key>
			<string>XCConfigurationList</string>
		</dict>
		<key>A8B7F1A11DD668E30022ED0B</key>
		<dict>
			<key>buildActionMask</key>
			<string>2147483647</string>
			<key>files</key>
			<array>
				<string>A8B7F1AB1DD668E30022ED0B</string>
				<string>A8B7F1A91DD668E30022ED0B</string>
			</array>
			<key>isa</key>
			<string>PBXSourcesBuildPhase</string>
			<key>runOnlyForDeploymentPostprocessing</key>
			<string>0</string>
		</dict>
		<key>A8B7F1A21DD668E30022ED0B</key>
		<dict>
			<key>buildActionMask</key>
			<string>2147483647</string>
			<key>files</key>
			<array>
				<string>16489EB01F19B912CA101E54</string>
			</array>
			<key>isa</key>
			<string>PBXFrameworksBuildPhase</string>
			<key>runOnlyForDeploymentPostprocessing</key>
			<string>0</string>
		</dict>
		<key>A8B7F1A31DD668E30022ED0B</key>
		<dict>
			<key>buildActionMask</key>
			<string>2147483647</string>
			<key>files</key>
			<array>
				<string>A8B7F1B31DD668E30022ED0B</string>
				<string>A8B7F1B01DD668E30022ED0B</string>
				<string>A8B7F1AE1DD668E30022ED0B</string>
			</array>
			<key>isa</key>
			<string>PBXResourcesBuildPhase</string>
			<key>runOnlyForDeploymentPostprocessing</key>
			<string>0</string>
		</dict>
		<key>A8B7F1A41DD668E30022ED0B</key>
		<dict>
			<key>buildConfigurationList</key>
			<string>A8B7F1CD1DD668E30022ED0B</string>
			<key>buildPhases</key>
			<array>
				<string>BFEAA59B159EBE69DB8B71E3</string>
				<string>A8B7F1A11DD668E30022ED0B</string>
				<string>A8B7F1A21DD668E30022ED0B</string>
				<string>A8B7F1A31DD668E30022ED0B</string>
				<string>159388C402C00D637276C5CD</string>
				<string>AC12BAA5E27773A91749083C</string>
			</array>
			<key>buildRules</key>
			<array/>
			<key>dependencies</key>
			<array/>
			<key>isa</key>
			<string>PBXNativeTarget</string>
			<key>name</key>
			<string>BreastScreeningDecisions</string>
			<key>productName</key>
			<string>BreastScreeningDecisions</string>
			<key>productReference</key>
			<string>A8B7F1A51DD668E30022ED0B</string>
			<key>productType</key>
			<string>com.apple.product-type.application</string>
		</dict>
		<key>A8B7F1A51DD668E30022ED0B</key>
		<dict>
			<key>explicitFileType</key>
			<string>wrapper.application</string>
			<key>includeInIndex</key>
			<string>0</string>
			<key>isa</key>
			<string>PBXFileReference</string>
			<key>path</key>
			<string>BreastScreeningDecisions.app</string>
			<key>sourceTree</key>
			<string>BUILT_PRODUCTS_DIR</string>
		</dict>
		<key>A8B7F1A61DD668E30022ED0B</key>
		<dict>
			<key>children</key>
			<array>
				<string>A8B7F1A51DD668E30022ED0B</string>
				<string>A8B7F1B91DD668E30022ED0B</string>
				<string>A8B7F1C41DD668E30022ED0B</string>
			</array>
			<key>isa</key>
			<string>PBXGroup</string>
			<key>name</key>
			<string>Products</string>
			<key>sourceTree</key>
			<string>&lt;group&gt;</string>
		</dict>
		<key>A8B7F1A71DD668E30022ED0B</key>
		<dict>
			<key>children</key>
			<array>
				<string>A8B7F1A81DD668E30022ED0B</string>
				<string>A8B7F1AA1DD668E30022ED0B</string>
				<string>A8B7F1AC1DD668E30022ED0B</string>
				<string>A8B7F1AF1DD668E30022ED0B</string>
				<string>A8B7F1B11DD668E30022ED0B</string>
				<string>A8B7F1B41DD668E30022ED0B</string>
			</array>
			<key>isa</key>
			<string>PBXGroup</string>
			<key>path</key>
			<string>BreastScreeningDecisions</string>
			<key>sourceTree</key>
			<string>&lt;group&gt;</string>
		</dict>
		<key>A8B7F1A81DD668E30022ED0B</key>
		<dict>
			<key>isa</key>
			<string>PBXFileReference</string>
			<key>lastKnownFileType</key>
			<string>sourcecode.swift</string>
			<key>path</key>
			<string>AppDelegate.swift</string>
			<key>sourceTree</key>
			<string>&lt;group&gt;</string>
		</dict>
		<key>A8B7F1A91DD668E30022ED0B</key>
		<dict>
			<key>fileRef</key>
			<string>A8B7F1A81DD668E30022ED0B</string>
			<key>isa</key>
			<string>PBXBuildFile</string>
		</dict>
		<key>A8B7F1AA1DD668E30022ED0B</key>
		<dict>
			<key>isa</key>
			<string>PBXFileReference</string>
			<key>lastKnownFileType</key>
			<string>sourcecode.swift</string>
			<key>path</key>
			<string>ViewController.swift</string>
			<key>sourceTree</key>
			<string>&lt;group&gt;</string>
		</dict>
		<key>A8B7F1AB1DD668E30022ED0B</key>
		<dict>
			<key>fileRef</key>
			<string>A8B7F1AA1DD668E30022ED0B</string>
			<key>isa</key>
			<string>PBXBuildFile</string>
		</dict>
		<key>A8B7F1AC1DD668E30022ED0B</key>
		<dict>
			<key>children</key>
			<array>
				<string>A8B7F1AD1DD668E30022ED0B</string>
			</array>
			<key>isa</key>
			<string>PBXVariantGroup</string>
			<key>name</key>
			<string>Main.storyboard</string>
			<key>sourceTree</key>
			<string>&lt;group&gt;</string>
		</dict>
		<key>A8B7F1AD1DD668E30022ED0B</key>
		<dict>
			<key>isa</key>
			<string>PBXFileReference</string>
			<key>lastKnownFileType</key>
			<string>file.storyboard</string>
			<key>name</key>
			<string>Base</string>
			<key>path</key>
			<string>Base.lproj/Main.storyboard</string>
			<key>sourceTree</key>
			<string>&lt;group&gt;</string>
		</dict>
		<key>A8B7F1AE1DD668E30022ED0B</key>
		<dict>
			<key>fileRef</key>
			<string>A8B7F1AC1DD668E30022ED0B</string>
			<key>isa</key>
			<string>PBXBuildFile</string>
		</dict>
		<key>A8B7F1AF1DD668E30022ED0B</key>
		<dict>
			<key>isa</key>
			<string>PBXFileReference</string>
			<key>lastKnownFileType</key>
			<string>folder.assetcatalog</string>
			<key>path</key>
			<string>Assets.xcassets</string>
			<key>sourceTree</key>
			<string>&lt;group&gt;</string>
		</dict>
		<key>A8B7F1B01DD668E30022ED0B</key>
		<dict>
			<key>fileRef</key>
			<string>A8B7F1AF1DD668E30022ED0B</string>
			<key>isa</key>
			<string>PBXBuildFile</string>
		</dict>
		<key>A8B7F1B11DD668E30022ED0B</key>
		<dict>
			<key>children</key>
			<array>
				<string>A8B7F1B21DD668E30022ED0B</string>
			</array>
			<key>isa</key>
			<string>PBXVariantGroup</string>
			<key>name</key>
			<string>LaunchScreen.storyboard</string>
			<key>sourceTree</key>
			<string>&lt;group&gt;</string>
		</dict>
		<key>A8B7F1B21DD668E30022ED0B</key>
		<dict>
			<key>isa</key>
			<string>PBXFileReference</string>
			<key>lastKnownFileType</key>
			<string>file.storyboard</string>
			<key>name</key>
			<string>Base</string>
			<key>path</key>
			<string>Base.lproj/LaunchScreen.storyboard</string>
			<key>sourceTree</key>
			<string>&lt;group&gt;</string>
		</dict>
		<key>A8B7F1B31DD668E30022ED0B</key>
		<dict>
			<key>fileRef</key>
			<string>A8B7F1B11DD668E30022ED0B</string>
			<key>isa</key>
			<string>PBXBuildFile</string>
		</dict>
		<key>A8B7F1B41DD668E30022ED0B</key>
		<dict>
			<key>isa</key>
			<string>PBXFileReference</string>
			<key>lastKnownFileType</key>
			<string>text.plist.xml</string>
			<key>path</key>
			<string>Info.plist</string>
			<key>sourceTree</key>
			<string>&lt;group&gt;</string>
		</dict>
		<key>A8B7F1B51DD668E30022ED0B</key>
		<dict>
			<key>buildActionMask</key>
			<string>2147483647</string>
			<key>files</key>
			<array>
				<string>A8B7F1BE1DD668E30022ED0B</string>
			</array>
			<key>isa</key>
			<string>PBXSourcesBuildPhase</string>
			<key>runOnlyForDeploymentPostprocessing</key>
			<string>0</string>
		</dict>
		<key>A8B7F1B61DD668E30022ED0B</key>
		<dict>
			<key>buildActionMask</key>
			<string>2147483647</string>
			<key>files</key>
			<array>
				<string>E067ED3D22F7B70843B3482B</string>
			</array>
			<key>isa</key>
			<string>PBXFrameworksBuildPhase</string>
			<key>runOnlyForDeploymentPostprocessing</key>
			<string>0</string>
		</dict>
		<key>A8B7F1B71DD668E30022ED0B</key>
		<dict>
			<key>buildActionMask</key>
			<string>2147483647</string>
			<key>files</key>
			<array/>
			<key>isa</key>
			<string>PBXResourcesBuildPhase</string>
			<key>runOnlyForDeploymentPostprocessing</key>
			<string>0</string>
		</dict>
		<key>A8B7F1B81DD668E30022ED0B</key>
		<dict>
			<key>buildConfigurationList</key>
			<string>A8B7F1D01DD668E30022ED0B</string>
			<key>buildPhases</key>
			<array>
				<string>ADF4CB73B41C277604C19C13</string>
				<string>A8B7F1B51DD668E30022ED0B</string>
				<string>A8B7F1B61DD668E30022ED0B</string>
				<string>A8B7F1B71DD668E30022ED0B</string>
				<string>435AAEECA97F36CDAB0E9930</string>
				<string>01A327A77EDC8F6277D24B57</string>
			</array>
			<key>buildRules</key>
			<array/>
			<key>dependencies</key>
			<array>
				<string>A8B7F1BB1DD668E30022ED0B</string>
			</array>
			<key>isa</key>
			<string>PBXNativeTarget</string>
			<key>name</key>
			<string>BreastScreeningDecisionsTests</string>
			<key>productName</key>
			<string>BreastScreeningDecisionsTests</string>
			<key>productReference</key>
			<string>A8B7F1B91DD668E30022ED0B</string>
			<key>productType</key>
			<string>com.apple.product-type.bundle.unit-test</string>
		</dict>
		<key>A8B7F1B91DD668E30022ED0B</key>
		<dict>
			<key>explicitFileType</key>
			<string>wrapper.cfbundle</string>
			<key>includeInIndex</key>
			<string>0</string>
			<key>isa</key>
			<string>PBXFileReference</string>
			<key>path</key>
			<string>BreastScreeningDecisionsTests.xctest</string>
			<key>sourceTree</key>
			<string>BUILT_PRODUCTS_DIR</string>
		</dict>
		<key>A8B7F1BA1DD668E30022ED0B</key>
		<dict>
			<key>containerPortal</key>
			<string>A8B7F19D1DD668E30022ED0B</string>
			<key>isa</key>
			<string>PBXContainerItemProxy</string>
			<key>proxyType</key>
			<string>1</string>
			<key>remoteGlobalIDString</key>
			<string>A8B7F1A41DD668E30022ED0B</string>
			<key>remoteInfo</key>
			<string>BreastScreeningDecisions</string>
		</dict>
		<key>A8B7F1BB1DD668E30022ED0B</key>
		<dict>
			<key>isa</key>
			<string>PBXTargetDependency</string>
			<key>target</key>
			<string>A8B7F1A41DD668E30022ED0B</string>
			<key>targetProxy</key>
			<string>A8B7F1BA1DD668E30022ED0B</string>
		</dict>
		<key>A8B7F1BC1DD668E30022ED0B</key>
		<dict>
			<key>children</key>
			<array>
				<string>A8B7F1BD1DD668E30022ED0B</string>
				<string>A8B7F1BF1DD668E30022ED0B</string>
			</array>
			<key>isa</key>
			<string>PBXGroup</string>
			<key>path</key>
			<string>BreastScreeningDecisionsTests</string>
			<key>sourceTree</key>
			<string>&lt;group&gt;</string>
		</dict>
		<key>A8B7F1BD1DD668E30022ED0B</key>
		<dict>
			<key>isa</key>
			<string>PBXFileReference</string>
			<key>lastKnownFileType</key>
			<string>sourcecode.swift</string>
			<key>path</key>
			<string>BreastScreeningDecisionsTests.swift</string>
			<key>sourceTree</key>
			<string>&lt;group&gt;</string>
		</dict>
		<key>A8B7F1BE1DD668E30022ED0B</key>
		<dict>
			<key>fileRef</key>
			<string>A8B7F1BD1DD668E30022ED0B</string>
			<key>isa</key>
			<string>PBXBuildFile</string>
		</dict>
		<key>A8B7F1BF1DD668E30022ED0B</key>
		<dict>
			<key>isa</key>
			<string>PBXFileReference</string>
			<key>lastKnownFileType</key>
			<string>text.plist.xml</string>
			<key>path</key>
			<string>Info.plist</string>
			<key>sourceTree</key>
			<string>&lt;group&gt;</string>
		</dict>
		<key>A8B7F1C01DD668E30022ED0B</key>
		<dict>
			<key>buildActionMask</key>
			<string>2147483647</string>
			<key>files</key>
			<array>
				<string>A8B7F1C91DD668E30022ED0B</string>
			</array>
			<key>isa</key>
			<string>PBXSourcesBuildPhase</string>
			<key>runOnlyForDeploymentPostprocessing</key>
			<string>0</string>
		</dict>
		<key>A8B7F1C11DD668E30022ED0B</key>
		<dict>
			<key>buildActionMask</key>
			<string>2147483647</string>
			<key>files</key>
			<array>
				<string>F17F0818B23ABF183C74C342</string>
			</array>
			<key>isa</key>
			<string>PBXFrameworksBuildPhase</string>
			<key>runOnlyForDeploymentPostprocessing</key>
			<string>0</string>
		</dict>
		<key>A8B7F1C21DD668E30022ED0B</key>
		<dict>
			<key>buildActionMask</key>
			<string>2147483647</string>
			<key>files</key>
			<array/>
			<key>isa</key>
			<string>PBXResourcesBuildPhase</string>
			<key>runOnlyForDeploymentPostprocessing</key>
			<string>0</string>
		</dict>
		<key>A8B7F1C31DD668E30022ED0B</key>
		<dict>
			<key>buildConfigurationList</key>
			<string>A8B7F1D31DD668E30022ED0B</string>
			<key>buildPhases</key>
			<array>
				<string>DE43740B81BAC8FC23538230</string>
				<string>A8B7F1C01DD668E30022ED0B</string>
				<string>A8B7F1C11DD668E30022ED0B</string>
				<string>A8B7F1C21DD668E30022ED0B</string>
				<string>6FE163BD947453D7350DBDCB</string>
			</array>
			<key>buildRules</key>
			<array/>
			<key>dependencies</key>
			<array>
				<string>A8B7F1C61DD668E30022ED0B</string>
			</array>
			<key>isa</key>
			<string>PBXNativeTarget</string>
			<key>name</key>
			<string>BreastScreeningDecisionsUITests</string>
			<key>productName</key>
			<string>BreastScreeningDecisionsUITests</string>
			<key>productReference</key>
			<string>A8B7F1C41DD668E30022ED0B</string>
			<key>productType</key>
			<string>com.apple.product-type.bundle.ui-testing</string>
		</dict>
		<key>A8B7F1C41DD668E30022ED0B</key>
		<dict>
			<key>explicitFileType</key>
			<string>wrapper.cfbundle</string>
			<key>includeInIndex</key>
			<string>0</string>
			<key>isa</key>
			<string>PBXFileReference</string>
			<key>path</key>
			<string>BreastScreeningDecisionsUITests.xctest</string>
			<key>sourceTree</key>
			<string>BUILT_PRODUCTS_DIR</string>
		</dict>
		<key>A8B7F1C51DD668E30022ED0B</key>
		<dict>
			<key>containerPortal</key>
			<string>A8B7F19D1DD668E30022ED0B</string>
			<key>isa</key>
			<string>PBXContainerItemProxy</string>
			<key>proxyType</key>
			<string>1</string>
			<key>remoteGlobalIDString</key>
			<string>A8B7F1A41DD668E30022ED0B</string>
			<key>remoteInfo</key>
			<string>BreastScreeningDecisions</string>
		</dict>
		<key>A8B7F1C61DD668E30022ED0B</key>
		<dict>
			<key>isa</key>
			<string>PBXTargetDependency</string>
			<key>target</key>
			<string>A8B7F1A41DD668E30022ED0B</string>
			<key>targetProxy</key>
			<string>A8B7F1C51DD668E30022ED0B</string>
		</dict>
		<key>A8B7F1C71DD668E30022ED0B</key>
		<dict>
			<key>children</key>
			<array>
				<string>A8B7F1C81DD668E30022ED0B</string>
				<string>A8B7F1CA1DD668E30022ED0B</string>
			</array>
			<key>isa</key>
			<string>PBXGroup</string>
			<key>path</key>
			<string>BreastScreeningDecisionsUITests</string>
			<key>sourceTree</key>
			<string>&lt;group&gt;</string>
		</dict>
		<key>A8B7F1C81DD668E30022ED0B</key>
		<dict>
			<key>isa</key>
			<string>PBXFileReference</string>
			<key>lastKnownFileType</key>
			<string>sourcecode.swift</string>
			<key>path</key>
			<string>BreastScreeningDecisionsUITests.swift</string>
			<key>sourceTree</key>
			<string>&lt;group&gt;</string>
		</dict>
		<key>A8B7F1C91DD668E30022ED0B</key>
		<dict>
			<key>fileRef</key>
			<string>A8B7F1C81DD668E30022ED0B</string>
			<key>isa</key>
			<string>PBXBuildFile</string>
		</dict>
		<key>A8B7F1CA1DD668E30022ED0B</key>
		<dict>
			<key>isa</key>
			<string>PBXFileReference</string>
			<key>lastKnownFileType</key>
			<string>text.plist.xml</string>
			<key>path</key>
			<string>Info.plist</string>
			<key>sourceTree</key>
			<string>&lt;group&gt;</string>
		</dict>
		<key>A8B7F1CB1DD668E30022ED0B</key>
		<dict>
			<key>buildSettings</key>
			<dict>
				<key>ALWAYS_SEARCH_USER_PATHS</key>
				<string>NO</string>
				<key>CLANG_ANALYZER_NONNULL</key>
				<string>YES</string>
				<key>CLANG_CXX_LANGUAGE_STANDARD</key>
				<string>gnu++0x</string>
				<key>CLANG_CXX_LIBRARY</key>
				<string>libc++</string>
				<key>CLANG_ENABLE_MODULES</key>
				<string>YES</string>
				<key>CLANG_ENABLE_OBJC_ARC</key>
				<string>YES</string>
				<key>CLANG_WARN_BOOL_CONVERSION</key>
				<string>YES</string>
				<key>CLANG_WARN_CONSTANT_CONVERSION</key>
				<string>YES</string>
				<key>CLANG_WARN_DIRECT_OBJC_ISA_USAGE</key>
				<string>YES_ERROR</string>
				<key>CLANG_WARN_DOCUMENTATION_COMMENTS</key>
				<string>YES</string>
				<key>CLANG_WARN_EMPTY_BODY</key>
				<string>YES</string>
				<key>CLANG_WARN_ENUM_CONVERSION</key>
				<string>YES</string>
				<key>CLANG_WARN_INFINITE_RECURSION</key>
				<string>YES</string>
				<key>CLANG_WARN_INT_CONVERSION</key>
				<string>YES</string>
				<key>CLANG_WARN_OBJC_ROOT_CLASS</key>
				<string>YES_ERROR</string>
				<key>CLANG_WARN_SUSPICIOUS_MOVES</key>
				<string>YES</string>
				<key>CLANG_WARN_UNREACHABLE_CODE</key>
				<string>YES</string>
				<key>CLANG_WARN__DUPLICATE_METHOD_MATCH</key>
				<string>YES</string>
				<key>CODE_SIGN_IDENTITY[sdk=iphoneos*]</key>
				<string>iPhone Developer</string>
				<key>COPY_PHASE_STRIP</key>
				<string>NO</string>
				<key>DEBUG_INFORMATION_FORMAT</key>
				<string>dwarf</string>
				<key>ENABLE_STRICT_OBJC_MSGSEND</key>
				<string>YES</string>
				<key>ENABLE_TESTABILITY</key>
				<string>YES</string>
				<key>GCC_C_LANGUAGE_STANDARD</key>
				<string>gnu99</string>
				<key>GCC_DYNAMIC_NO_PIC</key>
				<string>NO</string>
				<key>GCC_NO_COMMON_BLOCKS</key>
				<string>YES</string>
				<key>GCC_OPTIMIZATION_LEVEL</key>
				<string>0</string>
				<key>GCC_PREPROCESSOR_DEFINITIONS</key>
				<array>
					<string>DEBUG=1</string>
					<string>$(inherited)</string>
				</array>
				<key>GCC_WARN_64_TO_32_BIT_CONVERSION</key>
				<string>YES</string>
				<key>GCC_WARN_ABOUT_RETURN_TYPE</key>
				<string>YES_ERROR</string>
				<key>GCC_WARN_UNDECLARED_SELECTOR</key>
				<string>YES</string>
				<key>GCC_WARN_UNINITIALIZED_AUTOS</key>
				<string>YES_AGGRESSIVE</string>
				<key>GCC_WARN_UNUSED_FUNCTION</key>
				<string>YES</string>
				<key>GCC_WARN_UNUSED_VARIABLE</key>
				<string>YES</string>
				<key>IPHONEOS_DEPLOYMENT_TARGET</key>
				<string>10.1</string>
				<key>MTL_ENABLE_DEBUG_INFO</key>
				<string>YES</string>
				<key>ONLY_ACTIVE_ARCH</key>
				<string>YES</string>
				<key>SDKROOT</key>
				<string>iphoneos</string>
				<key>SWIFT_ACTIVE_COMPILATION_CONDITIONS</key>
				<string>DEBUG</string>
				<key>SWIFT_OPTIMIZATION_LEVEL</key>
				<string>-Onone</string>
				<key>TARGETED_DEVICE_FAMILY</key>
				<string>1,2</string>
			</dict>
			<key>isa</key>
			<string>XCBuildConfiguration</string>
			<key>name</key>
			<string>Debug</string>
		</dict>
		<key>A8B7F1CC1DD668E30022ED0B</key>
		<dict>
			<key>buildSettings</key>
			<dict>
				<key>ALWAYS_SEARCH_USER_PATHS</key>
				<string>NO</string>
				<key>CLANG_ANALYZER_NONNULL</key>
				<string>YES</string>
				<key>CLANG_CXX_LANGUAGE_STANDARD</key>
				<string>gnu++0x</string>
				<key>CLANG_CXX_LIBRARY</key>
				<string>libc++</string>
				<key>CLANG_ENABLE_MODULES</key>
				<string>YES</string>
				<key>CLANG_ENABLE_OBJC_ARC</key>
				<string>YES</string>
				<key>CLANG_WARN_BOOL_CONVERSION</key>
				<string>YES</string>
				<key>CLANG_WARN_CONSTANT_CONVERSION</key>
				<string>YES</string>
				<key>CLANG_WARN_DIRECT_OBJC_ISA_USAGE</key>
				<string>YES_ERROR</string>
				<key>CLANG_WARN_DOCUMENTATION_COMMENTS</key>
				<string>YES</string>
				<key>CLANG_WARN_EMPTY_BODY</key>
				<string>YES</string>
				<key>CLANG_WARN_ENUM_CONVERSION</key>
				<string>YES</string>
				<key>CLANG_WARN_INFINITE_RECURSION</key>
				<string>YES</string>
				<key>CLANG_WARN_INT_CONVERSION</key>
				<string>YES</string>
				<key>CLANG_WARN_OBJC_ROOT_CLASS</key>
				<string>YES_ERROR</string>
				<key>CLANG_WARN_SUSPICIOUS_MOVES</key>
				<string>YES</string>
				<key>CLANG_WARN_UNREACHABLE_CODE</key>
				<string>YES</string>
				<key>CLANG_WARN__DUPLICATE_METHOD_MATCH</key>
				<string>YES</string>
				<key>CODE_SIGN_IDENTITY[sdk=iphoneos*]</key>
				<string>iPhone Developer</string>
				<key>COPY_PHASE_STRIP</key>
				<string>NO</string>
				<key>DEBUG_INFORMATION_FORMAT</key>
				<string>dwarf-with-dsym</string>
				<key>ENABLE_NS_ASSERTIONS</key>
				<string>NO</string>
				<key>ENABLE_STRICT_OBJC_MSGSEND</key>
				<string>YES</string>
				<key>GCC_C_LANGUAGE_STANDARD</key>
				<string>gnu99</string>
				<key>GCC_NO_COMMON_BLOCKS</key>
				<string>YES</string>
				<key>GCC_WARN_64_TO_32_BIT_CONVERSION</key>
				<string>YES</string>
				<key>GCC_WARN_ABOUT_RETURN_TYPE</key>
				<string>YES_ERROR</string>
				<key>GCC_WARN_UNDECLARED_SELECTOR</key>
				<string>YES</string>
				<key>GCC_WARN_UNINITIALIZED_AUTOS</key>
				<string>YES_AGGRESSIVE</string>
				<key>GCC_WARN_UNUSED_FUNCTION</key>
				<string>YES</string>
				<key>GCC_WARN_UNUSED_VARIABLE</key>
				<string>YES</string>
				<key>IPHONEOS_DEPLOYMENT_TARGET</key>
				<string>10.1</string>
				<key>MTL_ENABLE_DEBUG_INFO</key>
				<string>NO</string>
				<key>SDKROOT</key>
				<string>iphoneos</string>
				<key>SWIFT_OPTIMIZATION_LEVEL</key>
				<string>-Owholemodule</string>
				<key>TARGETED_DEVICE_FAMILY</key>
				<string>1,2</string>
				<key>VALIDATE_PRODUCT</key>
				<string>YES</string>
			</dict>
			<key>isa</key>
			<string>XCBuildConfiguration</string>
			<key>name</key>
			<string>Release</string>
		</dict>
		<key>A8B7F1CD1DD668E30022ED0B</key>
		<dict>
			<key>buildConfigurations</key>
			<array>
				<string>A8B7F1CE1DD668E30022ED0B</string>
				<string>A8B7F1CF1DD668E30022ED0B</string>
			</array>
			<key>defaultConfigurationIsVisible</key>
			<string>0</string>
			<key>isa</key>
			<string>XCConfigurationList</string>
		</dict>
		<key>A8B7F1CE1DD668E30022ED0B</key>
		<dict>
			<key>baseConfigurationReference</key>
			<string>CE0A669197ED0D62A98F6FD6</string>
			<key>buildSettings</key>
			<dict>
				<key>ASSETCATALOG_COMPILER_APPICON_NAME</key>
				<string>AppIcon</string>
				<key>DEVELOPMENT_TEAM</key>
				<string>N7T323633C</string>
				<key>INFOPLIST_FILE</key>
				<string>BreastScreeningDecisions/Info.plist</string>
				<key>LD_RUNPATH_SEARCH_PATHS</key>
				<string>$(inherited) @executable_path/Frameworks</string>
				<key>PRODUCT_BUNDLE_IDENTIFIER</key>
				<string>edu.cornell.weill.BreastScreeningDecisions</string>
				<key>PRODUCT_NAME</key>
				<string>$(TARGET_NAME)</string>
				<key>SWIFT_VERSION</key>
				<string>3.0</string>
			</dict>
			<key>isa</key>
			<string>XCBuildConfiguration</string>
			<key>name</key>
			<string>Debug</string>
		</dict>
		<key>A8B7F1CF1DD668E30022ED0B</key>
		<dict>
			<key>baseConfigurationReference</key>
			<string>F8F3309D0DF0222CDD4CBDDD</string>
			<key>buildSettings</key>
			<dict>
				<key>ASSETCATALOG_COMPILER_APPICON_NAME</key>
				<string>AppIcon</string>
				<key>DEVELOPMENT_TEAM</key>
				<string>N7T323633C</string>
				<key>INFOPLIST_FILE</key>
				<string>BreastScreeningDecisions/Info.plist</string>
				<key>LD_RUNPATH_SEARCH_PATHS</key>
				<string>$(inherited) @executable_path/Frameworks</string>
				<key>PRODUCT_BUNDLE_IDENTIFIER</key>
				<string>edu.cornell.weill.BreastScreeningDecisions</string>
				<key>PRODUCT_NAME</key>
				<string>$(TARGET_NAME)</string>
				<key>SWIFT_VERSION</key>
				<string>3.0</string>
			</dict>
			<key>isa</key>
			<string>XCBuildConfiguration</string>
			<key>name</key>
			<string>Release</string>
		</dict>
		<key>A8B7F1D01DD668E30022ED0B</key>
		<dict>
			<key>buildConfigurations</key>
			<array>
				<string>A8B7F1D11DD668E30022ED0B</string>
				<string>A8B7F1D21DD668E30022ED0B</string>
			</array>
			<key>defaultConfigurationIsVisible</key>
			<string>0</string>
			<key>isa</key>
			<string>XCConfigurationList</string>
		</dict>
		<key>A8B7F1D11DD668E30022ED0B</key>
		<dict>
			<key>baseConfigurationReference</key>
			<string>4DA7F21A93FEBE8B73240C74</string>
			<key>buildSettings</key>
			<dict>
				<key>ALWAYS_EMBED_SWIFT_STANDARD_LIBRARIES</key>
				<string>YES</string>
				<key>BUNDLE_LOADER</key>
				<string>$(TEST_HOST)</string>
				<key>DEVELOPMENT_TEAM</key>
				<string>N7T323633C</string>
				<key>INFOPLIST_FILE</key>
				<string>BreastScreeningDecisionsTests/Info.plist</string>
				<key>LD_RUNPATH_SEARCH_PATHS</key>
				<string>$(inherited) @executable_path/Frameworks @loader_path/Frameworks</string>
				<key>PRODUCT_BUNDLE_IDENTIFIER</key>
				<string>edu.cornell.weill.BreastScreeningDecisionsTests</string>
				<key>PRODUCT_NAME</key>
				<string>$(TARGET_NAME)</string>
				<key>SWIFT_VERSION</key>
				<string>3.0</string>
				<key>TEST_HOST</key>
				<string>$(BUILT_PRODUCTS_DIR)/BreastScreeningDecisions.app/BreastScreeningDecisions</string>
			</dict>
			<key>isa</key>
			<string>XCBuildConfiguration</string>
			<key>name</key>
			<string>Debug</string>
		</dict>
		<key>A8B7F1D21DD668E30022ED0B</key>
		<dict>
			<key>baseConfigurationReference</key>
			<string>E13BD47D842DA7877489247D</string>
			<key>buildSettings</key>
			<dict>
				<key>ALWAYS_EMBED_SWIFT_STANDARD_LIBRARIES</key>
				<string>YES</string>
				<key>BUNDLE_LOADER</key>
				<string>$(TEST_HOST)</string>
				<key>DEVELOPMENT_TEAM</key>
				<string>N7T323633C</string>
				<key>INFOPLIST_FILE</key>
				<string>BreastScreeningDecisionsTests/Info.plist</string>
				<key>LD_RUNPATH_SEARCH_PATHS</key>
				<string>$(inherited) @executable_path/Frameworks @loader_path/Frameworks</string>
				<key>PRODUCT_BUNDLE_IDENTIFIER</key>
				<string>edu.cornell.weill.BreastScreeningDecisionsTests</string>
				<key>PRODUCT_NAME</key>
				<string>$(TARGET_NAME)</string>
				<key>SWIFT_VERSION</key>
				<string>3.0</string>
				<key>TEST_HOST</key>
				<string>$(BUILT_PRODUCTS_DIR)/BreastScreeningDecisions.app/BreastScreeningDecisions</string>
			</dict>
			<key>isa</key>
			<string>XCBuildConfiguration</string>
			<key>name</key>
			<string>Release</string>
		</dict>
		<key>A8B7F1D31DD668E30022ED0B</key>
		<dict>
			<key>buildConfigurations</key>
			<array>
				<string>A8B7F1D41DD668E30022ED0B</string>
				<string>A8B7F1D51DD668E30022ED0B</string>
			</array>
			<key>defaultConfigurationIsVisible</key>
			<string>0</string>
			<key>isa</key>
			<string>XCConfigurationList</string>
		</dict>
		<key>A8B7F1D41DD668E30022ED0B</key>
		<dict>
			<key>baseConfigurationReference</key>
			<string>7C0D14096A03EF8A933C7EF9</string>
			<key>buildSettings</key>
			<dict>
				<key>ALWAYS_EMBED_SWIFT_STANDARD_LIBRARIES</key>
				<string>YES</string>
				<key>DEVELOPMENT_TEAM</key>
				<string>N7T323633C</string>
				<key>INFOPLIST_FILE</key>
				<string>BreastScreeningDecisionsUITests/Info.plist</string>
				<key>LD_RUNPATH_SEARCH_PATHS</key>
				<string>$(inherited) @executable_path/Frameworks @loader_path/Frameworks</string>
				<key>PRODUCT_BUNDLE_IDENTIFIER</key>
				<string>edu.cornell.weill.BreastScreeningDecisionsUITests</string>
				<key>PRODUCT_NAME</key>
				<string>$(TARGET_NAME)</string>
				<key>SWIFT_VERSION</key>
				<string>3.0</string>
				<key>TEST_TARGET_NAME</key>
				<string>BreastScreeningDecisions</string>
			</dict>
			<key>isa</key>
			<string>XCBuildConfiguration</string>
			<key>name</key>
			<string>Debug</string>
		</dict>
		<key>A8B7F1D51DD668E30022ED0B</key>
		<dict>
			<key>baseConfigurationReference</key>
			<string>D98BF8082DF2EAF62AA89473</string>
			<key>buildSettings</key>
			<dict>
				<key>ALWAYS_EMBED_SWIFT_STANDARD_LIBRARIES</key>
				<string>YES</string>
				<key>DEVELOPMENT_TEAM</key>
				<string>N7T323633C</string>
				<key>INFOPLIST_FILE</key>
				<string>BreastScreeningDecisionsUITests/Info.plist</string>
				<key>LD_RUNPATH_SEARCH_PATHS</key>
				<string>$(inherited) @executable_path/Frameworks @loader_path/Frameworks</string>
				<key>PRODUCT_BUNDLE_IDENTIFIER</key>
				<string>edu.cornell.weill.BreastScreeningDecisionsUITests</string>
				<key>PRODUCT_NAME</key>
				<string>$(TARGET_NAME)</string>
				<key>SWIFT_VERSION</key>
				<string>3.0</string>
				<key>TEST_TARGET_NAME</key>
				<string>BreastScreeningDecisions</string>
			</dict>
			<key>isa</key>
			<string>XCBuildConfiguration</string>
			<key>name</key>
			<string>Release</string>
		</dict>
		<key>AC12BAA5E27773A91749083C</key>
		<dict>
			<key>buildActionMask</key>
			<string>2147483647</string>
			<key>files</key>
			<array/>
			<key>inputPaths</key>
			<array/>
			<key>isa</key>
			<string>PBXShellScriptBuildPhase</string>
			<key>name</key>
			<string>[CP] Copy Pods Resources</string>
			<key>outputPaths</key>
			<array/>
			<key>runOnlyForDeploymentPostprocessing</key>
			<string>0</string>
			<key>shellPath</key>
			<string>/bin/sh</string>
			<key>shellScript</key>
			<string>"${SRCROOT}/Pods/Target Support Files/Pods-BreastScreeningDecisions/Pods-BreastScreeningDecisions-resources.sh"
</string>
			<key>showEnvVarsInLog</key>
			<string>0</string>
		</dict>
		<key>ADF4CB73B41C277604C19C13</key>
		<dict>
			<key>buildActionMask</key>
			<string>2147483647</string>
			<key>files</key>
			<array/>
			<key>inputPaths</key>
			<array/>
			<key>isa</key>
			<string>PBXShellScriptBuildPhase</string>
			<key>name</key>
			<string>[CP] Check Pods Manifest.lock</string>
			<key>outputPaths</key>
			<array/>
			<key>runOnlyForDeploymentPostprocessing</key>
			<string>0</string>
			<key>shellPath</key>
			<string>/bin/sh</string>
			<key>shellScript</key>
			<string>diff "${PODS_ROOT}/../Podfile.lock" "${PODS_ROOT}/Manifest.lock" &gt; /dev/null
if [[ $? != 0 ]] ; then
    cat &lt;&lt; EOM
error: The sandbox is not in sync with the Podfile.lock. Run 'pod install' or update your CocoaPods installation.
EOM
    exit 1
fi
</string>
			<key>showEnvVarsInLog</key>
			<string>0</string>
		</dict>
		<key>BFEAA59B159EBE69DB8B71E3</key>
		<dict>
			<key>buildActionMask</key>
			<string>2147483647</string>
			<key>files</key>
			<array/>
			<key>inputPaths</key>
			<array/>
			<key>isa</key>
			<string>PBXShellScriptBuildPhase</string>
			<key>name</key>
			<string>[CP] Check Pods Manifest.lock</string>
			<key>outputPaths</key>
			<array/>
			<key>runOnlyForDeploymentPostprocessing</key>
			<string>0</string>
			<key>shellPath</key>
			<string>/bin/sh</string>
			<key>shellScript</key>
			<string>diff "${PODS_ROOT}/../Podfile.lock" "${PODS_ROOT}/Manifest.lock" &gt; /dev/null
if [[ $? != 0 ]] ; then
    cat &lt;&lt; EOM
error: The sandbox is not in sync with the Podfile.lock. Run 'pod install' or update your CocoaPods installation.
EOM
    exit 1
fi
</string>
			<key>showEnvVarsInLog</key>
			<string>0</string>
		</dict>
		<key>CE0A669197ED0D62A98F6FD6</key>
		<dict>
			<key>includeInIndex</key>
			<string>1</string>
			<key>isa</key>
			<string>PBXFileReference</string>
			<key>lastKnownFileType</key>
			<string>text.xcconfig</string>
			<key>name</key>
			<string>Pods-BreastScreeningDecisions.debug.xcconfig</string>
			<key>path</key>
			<string>Pods/Target Support Files/Pods-BreastScreeningDecisions/Pods-BreastScreeningDecisions.debug.xcconfig</string>
			<key>sourceTree</key>
			<string>&lt;group&gt;</string>
		</dict>
		<key>D98BF8082DF2EAF62AA89473</key>
		<dict>
			<key>includeInIndex</key>
			<string>1</string>
			<key>isa</key>
			<string>PBXFileReference</string>
			<key>lastKnownFileType</key>
			<string>text.xcconfig</string>
			<key>name</key>
			<string>Pods-BreastScreeningDecisionsUITests.release.xcconfig</string>
			<key>path</key>
			<string>Pods/Target Support Files/Pods-BreastScreeningDecisionsUITests/Pods-BreastScreeningDecisionsUITests.release.xcconfig</string>
			<key>sourceTree</key>
			<string>&lt;group&gt;</string>
		</dict>
		<key>DE43740B81BAC8FC23538230</key>
		<dict>
			<key>buildActionMask</key>
			<string>2147483647</string>
			<key>files</key>
			<array/>
			<key>inputPaths</key>
			<array/>
			<key>isa</key>
			<string>PBXShellScriptBuildPhase</string>
			<key>name</key>
			<string>[CP] Check Pods Manifest.lock</string>
			<key>outputPaths</key>
			<array/>
			<key>runOnlyForDeploymentPostprocessing</key>
			<string>0</string>
			<key>shellPath</key>
			<string>/bin/sh</string>
			<key>shellScript</key>
			<string>diff "${PODS_ROOT}/../Podfile.lock" "${PODS_ROOT}/Manifest.lock" &gt; /dev/null
if [[ $? != 0 ]] ; then
    cat &lt;&lt; EOM
error: The sandbox is not in sync with the Podfile.lock. Run 'pod install' or update your CocoaPods installation.
EOM
    exit 1
fi
</string>
			<key>showEnvVarsInLog</key>
			<string>0</string>
		</dict>
		<key>E067ED3D22F7B70843B3482B</key>
		<dict>
			<key>fileRef</key>
			<string>1D423DC9023B7B5BDF98C0D0</string>
			<key>isa</key>
			<string>PBXBuildFile</string>
		</dict>
		<key>E13BD47D842DA7877489247D</key>
		<dict>
			<key>includeInIndex</key>
			<string>1</string>
			<key>isa</key>
			<string>PBXFileReference</string>
			<key>lastKnownFileType</key>
			<string>text.xcconfig</string>
			<key>name</key>
			<string>Pods-BreastScreeningDecisionsTests.release.xcconfig</string>
			<key>path</key>
			<string>Pods/Target Support Files/Pods-BreastScreeningDecisionsTests/Pods-BreastScreeningDecisionsTests.release.xcconfig</string>
			<key>sourceTree</key>
			<string>&lt;group&gt;</string>
		</dict>
		<key>ED23B100DC109D9C7B15A5DC</key>
		<dict>
			<key>children</key>
			<array>
				<string>CE0A669197ED0D62A98F6FD6</string>
				<string>F8F3309D0DF0222CDD4CBDDD</string>
				<string>4DA7F21A93FEBE8B73240C74</string>
				<string>E13BD47D842DA7877489247D</string>
				<string>7C0D14096A03EF8A933C7EF9</string>
				<string>D98BF8082DF2EAF62AA89473</string>
			</array>
			<key>isa</key>
			<string>PBXGroup</string>
			<key>name</key>
			<string>Pods</string>
			<key>sourceTree</key>
			<string>&lt;group&gt;</string>
		</dict>
		<key>F17F0818B23ABF183C74C342</key>
		<dict>
			<key>fileRef</key>
			<string>A6FC0AEBCEAD5CFCB50B2E96</string>
			<key>isa</key>
			<string>PBXBuildFile</string>
		</dict>
		<key>F8F3309D0DF0222CDD4CBDDD</key>
		<dict>
			<key>includeInIndex</key>
			<string>1</string>
			<key>isa</key>
			<string>PBXFileReference</string>
			<key>lastKnownFileType</key>
			<string>text.xcconfig</string>
			<key>name</key>
			<string>Pods-BreastScreeningDecisions.release.xcconfig</string>
			<key>path</key>
			<string>Pods/Target Support Files/Pods-BreastScreeningDecisions/Pods-BreastScreeningDecisions.release.xcconfig</string>
			<key>sourceTree</key>
			<string>&lt;group&gt;</string>
		</dict>
	</dict>
	<key>rootObject</key>
	<string>A8B7F19D1DD668E30022ED0B</string>
</dict>
</plist>
