// !$*UTF8*$!
{
	archiveVersion = 1;
	classes = {
	};
	objectVersion = 46;
	objects = {

/* Begin PBXBuildFile section */
		16489EB01F19B912CA101E54 /* Pods_BreastScreeningDecisions.framework in Frameworks */ = {isa = PBXBuildFile; fileRef = 1911E738AD99269828D862A4 /* Pods_BreastScreeningDecisions.framework */; };
		A82C6B7E1DDE257D009639E0 /* YourRiskTableViewCell.swift in Sources */ = {isa = PBXBuildFile; fileRef = A82C6B7D1DDE257D009639E0 /* YourRiskTableViewCell.swift */; };
		A82C6B801DDE39CE009639E0 /* ApplicationDataModel.swift in Sources */ = {isa = PBXBuildFile; fileRef = A82C6B7F1DDE39CE009639E0 /* ApplicationDataModel.swift */; };
		A82C6B821DDE558F009639E0 /* SummaryViewController.swift in Sources */ = {isa = PBXBuildFile; fileRef = A82C6B811DDE558F009639E0 /* SummaryViewController.swift */; };
		A82C6B841DDE56C6009639E0 /* ValuesViewController.swift in Sources */ = {isa = PBXBuildFile; fileRef = A82C6B831DDE56C6009639E0 /* ValuesViewController.swift */; };
		A83C473B1DDB7FD8009D0EF1 /* CommonNavigationController.swift in Sources */ = {isa = PBXBuildFile; fileRef = A83C473A1DDB7FD8009D0EF1 /* CommonNavigationController.swift */; };
		A83C47431DDBAFFE009D0EF1 /* YourRiskViewController.swift in Sources */ = {isa = PBXBuildFile; fileRef = A83C47421DDBAFFD009D0EF1 /* YourRiskViewController.swift */; };
		A8B7F1A91DD668E30022ED0B /* AppDelegate.swift in Sources */ = {isa = PBXBuildFile; fileRef = A8B7F1A81DD668E30022ED0B /* AppDelegate.swift */; };
		A8B7F1AE1DD668E30022ED0B /* Main.storyboard in Resources */ = {isa = PBXBuildFile; fileRef = A8B7F1AC1DD668E30022ED0B /* Main.storyboard */; };
		A8B7F1B01DD668E30022ED0B /* Assets.xcassets in Resources */ = {isa = PBXBuildFile; fileRef = A8B7F1AF1DD668E30022ED0B /* Assets.xcassets */; };
		A8B7F1B31DD668E30022ED0B /* LaunchScreen.storyboard in Resources */ = {isa = PBXBuildFile; fileRef = A8B7F1B11DD668E30022ED0B /* LaunchScreen.storyboard */; };
		A8B7F1BE1DD668E30022ED0B /* BreastScreeningDecisionsTests.swift in Sources */ = {isa = PBXBuildFile; fileRef = A8B7F1BD1DD668E30022ED0B /* BreastScreeningDecisionsTests.swift */; };
		A8B7F1C91DD668E30022ED0B /* BreastScreeningDecisionsUITests.swift in Sources */ = {isa = PBXBuildFile; fileRef = A8B7F1C81DD668E30022ED0B /* BreastScreeningDecisionsUITests.swift */; };
		A8B7F1E01DD66B020022ED0B /* SurveyTasks.swift in Sources */ = {isa = PBXBuildFile; fileRef = A8B7F1DF1DD66B020022ED0B /* SurveyTasks.swift */; };
		A8B7F1E21DD66B810022ED0B /* ConsentDocument.swift in Sources */ = {isa = PBXBuildFile; fileRef = A8B7F1E11DD66B810022ED0B /* ConsentDocument.swift */; };
		A8B7F1E41DD66B9A0022ED0B /* HealthDataStep.swift in Sources */ = {isa = PBXBuildFile; fileRef = A8B7F1E31DD66B9A0022ED0B /* HealthDataStep.swift */; };
		A8B7F1E61DD66BBA0022ED0B /* HealthDataStepViewController.swift in Sources */ = {isa = PBXBuildFile; fileRef = A8B7F1E51DD66BBA0022ED0B /* HealthDataStepViewController.swift */; };
		A8B7F1E81DD66BDB0022ED0B /* UILabelExtension.swift in Sources */ = {isa = PBXBuildFile; fileRef = A8B7F1E71DD66BDB0022ED0B /* UILabelExtension.swift */; };
		A8B7F1EA1DD66BF80022ED0B /* IndexSegue.swift in Sources */ = {isa = PBXBuildFile; fileRef = A8B7F1E91DD66BF80022ED0B /* IndexSegue.swift */; };
		A8B7F1EC1DD66C1D0022ED0B /* Survey.swift in Sources */ = {isa = PBXBuildFile; fileRef = A8B7F1EB1DD66C1D0022ED0B /* Survey.swift */; };
		A8B7F1EE1DD66C520022ED0B /* ResearchKitHelper.swift in Sources */ = {isa = PBXBuildFile; fileRef = A8B7F1ED1DD66C520022ED0B /* ResearchKitHelper.swift */; };
		A8B7F1F01DD66CBB0022ED0B /* IndexViewController.swift in Sources */ = {isa = PBXBuildFile; fileRef = A8B7F1EF1DD66CBB0022ED0B /* IndexViewController.swift */; };
		A8B7F1F21DDA56870022ED0B /* IntroViewController.swift in Sources */ = {isa = PBXBuildFile; fileRef = A8B7F1F11DDA56870022ED0B /* IntroViewController.swift */; };
		A8B7F1F41DDA66510022ED0B /* IntroPageViewController.swift in Sources */ = {isa = PBXBuildFile; fileRef = A8B7F1F31DDA66510022ED0B /* IntroPageViewController.swift */; };
		A8B7F1F61DDA666A0022ED0B /* IntroPageContentViewController.swift in Sources */ = {isa = PBXBuildFile; fileRef = A8B7F1F51DDA666A0022ED0B /* IntroPageContentViewController.swift */; };
		E067ED3D22F7B70843B3482B /* Pods_BreastScreeningDecisionsTests.framework in Frameworks */ = {isa = PBXBuildFile; fileRef = 1D423DC9023B7B5BDF98C0D0 /* Pods_BreastScreeningDecisionsTests.framework */; };
		F17F0818B23ABF183C74C342 /* Pods_BreastScreeningDecisionsUITests.framework in Frameworks */ = {isa = PBXBuildFile; fileRef = A6FC0AEBCEAD5CFCB50B2E96 /* Pods_BreastScreeningDecisionsUITests.framework */; };
/* End PBXBuildFile section */

/* Begin PBXContainerItemProxy section */
		A8B7F1BA1DD668E30022ED0B /* PBXContainerItemProxy */ = {
			isa = PBXContainerItemProxy;
			containerPortal = A8B7F19D1DD668E30022ED0B /* Project object */;
			proxyType = 1;
			remoteGlobalIDString = A8B7F1A41DD668E30022ED0B;
			remoteInfo = BreastScreeningDecisions;
		};
		A8B7F1C51DD668E30022ED0B /* PBXContainerItemProxy */ = {
			isa = PBXContainerItemProxy;
			containerPortal = A8B7F19D1DD668E30022ED0B /* Project object */;
			proxyType = 1;
			remoteGlobalIDString = A8B7F1A41DD668E30022ED0B;
			remoteInfo = BreastScreeningDecisions;
		};
/* End PBXContainerItemProxy section */

/* Begin PBXFileReference section */
		1911E738AD99269828D862A4 /* Pods_BreastScreeningDecisions.framework */ = {isa = PBXFileReference; explicitFileType = wrapper.framework; includeInIndex = 0; path = Pods_BreastScreeningDecisions.framework; sourceTree = BUILT_PRODUCTS_DIR; };
		1D423DC9023B7B5BDF98C0D0 /* Pods_BreastScreeningDecisionsTests.framework */ = {isa = PBXFileReference; explicitFileType = wrapper.framework; includeInIndex = 0; path = Pods_BreastScreeningDecisionsTests.framework; sourceTree = BUILT_PRODUCTS_DIR; };
		4DA7F21A93FEBE8B73240C74 /* Pods-BreastScreeningDecisionsTests.debug.xcconfig */ = {isa = PBXFileReference; includeInIndex = 1; lastKnownFileType = text.xcconfig; name = "Pods-BreastScreeningDecisionsTests.debug.xcconfig"; path = "Pods/Target Support Files/Pods-BreastScreeningDecisionsTests/Pods-BreastScreeningDecisionsTests.debug.xcconfig"; sourceTree = "<group>"; };
		7C0D14096A03EF8A933C7EF9 /* Pods-BreastScreeningDecisionsUITests.debug.xcconfig */ = {isa = PBXFileReference; includeInIndex = 1; lastKnownFileType = text.xcconfig; name = "Pods-BreastScreeningDecisionsUITests.debug.xcconfig"; path = "Pods/Target Support Files/Pods-BreastScreeningDecisionsUITests/Pods-BreastScreeningDecisionsUITests.debug.xcconfig"; sourceTree = "<group>"; };
		A6FC0AEBCEAD5CFCB50B2E96 /* Pods_BreastScreeningDecisionsUITests.framework */ = {isa = PBXFileReference; explicitFileType = wrapper.framework; includeInIndex = 0; path = Pods_BreastScreeningDecisionsUITests.framework; sourceTree = BUILT_PRODUCTS_DIR; };
		A82C6B7D1DDE257D009639E0 /* YourRiskTableViewCell.swift */ = {isa = PBXFileReference; fileEncoding = 4; lastKnownFileType = sourcecode.swift; path = YourRiskTableViewCell.swift; sourceTree = "<group>"; };
		A82C6B7F1DDE39CE009639E0 /* ApplicationDataModel.swift */ = {isa = PBXFileReference; fileEncoding = 4; lastKnownFileType = sourcecode.swift; path = ApplicationDataModel.swift; sourceTree = "<group>"; };
		A82C6B811DDE558F009639E0 /* SummaryViewController.swift */ = {isa = PBXFileReference; fileEncoding = 4; lastKnownFileType = sourcecode.swift; path = SummaryViewController.swift; sourceTree = "<group>"; };
		A82C6B831DDE56C6009639E0 /* ValuesViewController.swift */ = {isa = PBXFileReference; fileEncoding = 4; lastKnownFileType = sourcecode.swift; path = ValuesViewController.swift; sourceTree = "<group>"; };
		A83C47391DDB7D5D009D0EF1 /* BreastScreeningDecisions.entitlements */ = {isa = PBXFileReference; lastKnownFileType = text.plist.entitlements; path = BreastScreeningDecisions.entitlements; sourceTree = "<group>"; };
		A83C473A1DDB7FD8009D0EF1 /* CommonNavigationController.swift */ = {isa = PBXFileReference; fileEncoding = 4; lastKnownFileType = sourcecode.swift; path = CommonNavigationController.swift; sourceTree = "<group>"; };
		A83C47421DDBAFFD009D0EF1 /* YourRiskViewController.swift */ = {isa = PBXFileReference; fileEncoding = 4; lastKnownFileType = sourcecode.swift; path = YourRiskViewController.swift; sourceTree = "<group>"; };
		A8B7F1A51DD668E30022ED0B /* BreastScreeningDecisions.app */ = {isa = PBXFileReference; explicitFileType = wrapper.application; includeInIndex = 0; path = BreastScreeningDecisions.app; sourceTree = BUILT_PRODUCTS_DIR; };
		A8B7F1A81DD668E30022ED0B /* AppDelegate.swift */ = {isa = PBXFileReference; lastKnownFileType = sourcecode.swift; path = AppDelegate.swift; sourceTree = "<group>"; };
		A8B7F1AD1DD668E30022ED0B /* Base */ = {isa = PBXFileReference; lastKnownFileType = file.storyboard; name = Base; path = Base.lproj/Main.storyboard; sourceTree = "<group>"; };
		A8B7F1AF1DD668E30022ED0B /* Assets.xcassets */ = {isa = PBXFileReference; lastKnownFileType = folder.assetcatalog; path = Assets.xcassets; sourceTree = "<group>"; };
		A8B7F1B21DD668E30022ED0B /* Base */ = {isa = PBXFileReference; lastKnownFileType = file.storyboard; name = Base; path = Base.lproj/LaunchScreen.storyboard; sourceTree = "<group>"; };
		A8B7F1B41DD668E30022ED0B /* Info.plist */ = {isa = PBXFileReference; lastKnownFileType = text.plist.xml; path = Info.plist; sourceTree = "<group>"; };
		A8B7F1B91DD668E30022ED0B /* BreastScreeningDecisionsTests.xctest */ = {isa = PBXFileReference; explicitFileType = wrapper.cfbundle; includeInIndex = 0; path = BreastScreeningDecisionsTests.xctest; sourceTree = BUILT_PRODUCTS_DIR; };
		A8B7F1BD1DD668E30022ED0B /* BreastScreeningDecisionsTests.swift */ = {isa = PBXFileReference; lastKnownFileType = sourcecode.swift; path = BreastScreeningDecisionsTests.swift; sourceTree = "<group>"; };
		A8B7F1BF1DD668E30022ED0B /* Info.plist */ = {isa = PBXFileReference; lastKnownFileType = text.plist.xml; path = Info.plist; sourceTree = "<group>"; };
		A8B7F1C41DD668E30022ED0B /* BreastScreeningDecisionsUITests.xctest */ = {isa = PBXFileReference; explicitFileType = wrapper.cfbundle; includeInIndex = 0; path = BreastScreeningDecisionsUITests.xctest; sourceTree = BUILT_PRODUCTS_DIR; };
		A8B7F1C81DD668E30022ED0B /* BreastScreeningDecisionsUITests.swift */ = {isa = PBXFileReference; lastKnownFileType = sourcecode.swift; path = BreastScreeningDecisionsUITests.swift; sourceTree = "<group>"; };
		A8B7F1CA1DD668E30022ED0B /* Info.plist */ = {isa = PBXFileReference; lastKnownFileType = text.plist.xml; path = Info.plist; sourceTree = "<group>"; };
		A8B7F1DF1DD66B020022ED0B /* SurveyTasks.swift */ = {isa = PBXFileReference; fileEncoding = 4; lastKnownFileType = sourcecode.swift; path = SurveyTasks.swift; sourceTree = "<group>"; };
		A8B7F1E11DD66B810022ED0B /* ConsentDocument.swift */ = {isa = PBXFileReference; fileEncoding = 4; lastKnownFileType = sourcecode.swift; path = ConsentDocument.swift; sourceTree = "<group>"; };
		A8B7F1E31DD66B9A0022ED0B /* HealthDataStep.swift */ = {isa = PBXFileReference; fileEncoding = 4; lastKnownFileType = sourcecode.swift; path = HealthDataStep.swift; sourceTree = "<group>"; };
		A8B7F1E51DD66BBA0022ED0B /* HealthDataStepViewController.swift */ = {isa = PBXFileReference; fileEncoding = 4; lastKnownFileType = sourcecode.swift; path = HealthDataStepViewController.swift; sourceTree = "<group>"; };
		A8B7F1E71DD66BDB0022ED0B /* UILabelExtension.swift */ = {isa = PBXFileReference; fileEncoding = 4; lastKnownFileType = sourcecode.swift; path = UILabelExtension.swift; sourceTree = "<group>"; };
		A8B7F1E91DD66BF80022ED0B /* IndexSegue.swift */ = {isa = PBXFileReference; fileEncoding = 4; lastKnownFileType = sourcecode.swift; path = IndexSegue.swift; sourceTree = "<group>"; };
		A8B7F1EB1DD66C1D0022ED0B /* Survey.swift */ = {isa = PBXFileReference; fileEncoding = 4; lastKnownFileType = sourcecode.swift; path = Survey.swift; sourceTree = "<group>"; };
		A8B7F1ED1DD66C520022ED0B /* ResearchKitHelper.swift */ = {isa = PBXFileReference; fileEncoding = 4; lastKnownFileType = sourcecode.swift; path = ResearchKitHelper.swift; sourceTree = "<group>"; };
		A8B7F1EF1DD66CBB0022ED0B /* IndexViewController.swift */ = {isa = PBXFileReference; fileEncoding = 4; lastKnownFileType = sourcecode.swift; path = IndexViewController.swift; sourceTree = "<group>"; };
		A8B7F1F11DDA56870022ED0B /* IntroViewController.swift */ = {isa = PBXFileReference; fileEncoding = 4; lastKnownFileType = sourcecode.swift; path = IntroViewController.swift; sourceTree = "<group>"; };
		A8B7F1F31DDA66510022ED0B /* IntroPageViewController.swift */ = {isa = PBXFileReference; fileEncoding = 4; lastKnownFileType = sourcecode.swift; path = IntroPageViewController.swift; sourceTree = "<group>"; };
		A8B7F1F51DDA666A0022ED0B /* IntroPageContentViewController.swift */ = {isa = PBXFileReference; fileEncoding = 4; lastKnownFileType = sourcecode.swift; path = IntroPageContentViewController.swift; sourceTree = "<group>"; };
		CE0A669197ED0D62A98F6FD6 /* Pods-BreastScreeningDecisions.debug.xcconfig */ = {isa = PBXFileReference; includeInIndex = 1; lastKnownFileType = text.xcconfig; name = "Pods-BreastScreeningDecisions.debug.xcconfig"; path = "Pods/Target Support Files/Pods-BreastScreeningDecisions/Pods-BreastScreeningDecisions.debug.xcconfig"; sourceTree = "<group>"; };
		D98BF8082DF2EAF62AA89473 /* Pods-BreastScreeningDecisionsUITests.release.xcconfig */ = {isa = PBXFileReference; includeInIndex = 1; lastKnownFileType = text.xcconfig; name = "Pods-BreastScreeningDecisionsUITests.release.xcconfig"; path = "Pods/Target Support Files/Pods-BreastScreeningDecisionsUITests/Pods-BreastScreeningDecisionsUITests.release.xcconfig"; sourceTree = "<group>"; };
		E13BD47D842DA7877489247D /* Pods-BreastScreeningDecisionsTests.release.xcconfig */ = {isa = PBXFileReference; includeInIndex = 1; lastKnownFileType = text.xcconfig; name = "Pods-BreastScreeningDecisionsTests.release.xcconfig"; path = "Pods/Target Support Files/Pods-BreastScreeningDecisionsTests/Pods-BreastScreeningDecisionsTests.release.xcconfig"; sourceTree = "<group>"; };
		F8F3309D0DF0222CDD4CBDDD /* Pods-BreastScreeningDecisions.release.xcconfig */ = {isa = PBXFileReference; includeInIndex = 1; lastKnownFileType = text.xcconfig; name = "Pods-BreastScreeningDecisions.release.xcconfig"; path = "Pods/Target Support Files/Pods-BreastScreeningDecisions/Pods-BreastScreeningDecisions.release.xcconfig"; sourceTree = "<group>"; };
/* End PBXFileReference section */

/* Begin PBXFrameworksBuildPhase section */
		A8B7F1A21DD668E30022ED0B /* Frameworks */ = {
			isa = PBXFrameworksBuildPhase;
			buildActionMask = 2147483647;
			files = (
				16489EB01F19B912CA101E54 /* Pods_BreastScreeningDecisions.framework in Frameworks */,
			);
			runOnlyForDeploymentPostprocessing = 0;
		};
		A8B7F1B61DD668E30022ED0B /* Frameworks */ = {
			isa = PBXFrameworksBuildPhase;
			buildActionMask = 2147483647;
			files = (
				E067ED3D22F7B70843B3482B /* Pods_BreastScreeningDecisionsTests.framework in Frameworks */,
			);
			runOnlyForDeploymentPostprocessing = 0;
		};
		A8B7F1C11DD668E30022ED0B /* Frameworks */ = {
			isa = PBXFrameworksBuildPhase;
			buildActionMask = 2147483647;
			files = (
				F17F0818B23ABF183C74C342 /* Pods_BreastScreeningDecisionsUITests.framework in Frameworks */,
			);
			runOnlyForDeploymentPostprocessing = 0;
		};
/* End PBXFrameworksBuildPhase section */

/* Begin PBXGroup section */
		4203D496A2FA29D809359EE6 /* Frameworks */ = {
			isa = PBXGroup;
			children = (
				1911E738AD99269828D862A4 /* Pods_BreastScreeningDecisions.framework */,
				1D423DC9023B7B5BDF98C0D0 /* Pods_BreastScreeningDecisionsTests.framework */,
				A6FC0AEBCEAD5CFCB50B2E96 /* Pods_BreastScreeningDecisionsUITests.framework */,
			);
			name = Frameworks;
			sourceTree = "<group>";
		};
		A8B7F19C1DD668E30022ED0B = {
			isa = PBXGroup;
			children = (
				A8B7F1A71DD668E30022ED0B /* BreastScreeningDecisions */,
				A8B7F1BC1DD668E30022ED0B /* BreastScreeningDecisionsTests */,
				A8B7F1C71DD668E30022ED0B /* BreastScreeningDecisionsUITests */,
				A8B7F1A61DD668E30022ED0B /* Products */,
				ED23B100DC109D9C7B15A5DC /* Pods */,
				4203D496A2FA29D809359EE6 /* Frameworks */,
			);
			sourceTree = "<group>";
		};
		A8B7F1A61DD668E30022ED0B /* Products */ = {
			isa = PBXGroup;
			children = (
				A8B7F1A51DD668E30022ED0B /* BreastScreeningDecisions.app */,
				A8B7F1B91DD668E30022ED0B /* BreastScreeningDecisionsTests.xctest */,
				A8B7F1C41DD668E30022ED0B /* BreastScreeningDecisionsUITests.xctest */,
			);
			name = Products;
			sourceTree = "<group>";
		};
		A8B7F1A71DD668E30022ED0B /* BreastScreeningDecisions */ = {
			isa = PBXGroup;
			children = (
				A83C47391DDB7D5D009D0EF1 /* BreastScreeningDecisions.entitlements */,
				A8B7F1D61DD66A4D0022ED0B /* Extension */,
				A8B7F1D71DD66A570022ED0B /* Controller */,
				A8B7F1D81DD66A630022ED0B /* Task */,
				A8B7F1D91DD66A700022ED0B /* Step */,
				A8B7F1DA1DD66A770022ED0B /* Segue */,
				A8B7F1DB1DD66A8C0022ED0B /* Entity */,
				A8B7F1DC1DD66A970022ED0B /* Model */,
				A8B7F1DD1DD66A9C0022ED0B /* Components */,
				A8B7F1DE1DD66AA30022ED0B /* Helper */,
				A8B7F1A81DD668E30022ED0B /* AppDelegate.swift */,
				A8B7F1AC1DD668E30022ED0B /* Main.storyboard */,
				A8B7F1AF1DD668E30022ED0B /* Assets.xcassets */,
				A8B7F1B11DD668E30022ED0B /* LaunchScreen.storyboard */,
				A8B7F1B41DD668E30022ED0B /* Info.plist */,
			);
			path = BreastScreeningDecisions;
			sourceTree = "<group>";
		};
		A8B7F1BC1DD668E30022ED0B /* BreastScreeningDecisionsTests */ = {
			isa = PBXGroup;
			children = (
				A8B7F1BD1DD668E30022ED0B /* BreastScreeningDecisionsTests.swift */,
				A8B7F1BF1DD668E30022ED0B /* Info.plist */,
			);
			path = BreastScreeningDecisionsTests;
			sourceTree = "<group>";
		};
		A8B7F1C71DD668E30022ED0B /* BreastScreeningDecisionsUITests */ = {
			isa = PBXGroup;
			children = (
				A8B7F1C81DD668E30022ED0B /* BreastScreeningDecisionsUITests.swift */,
				A8B7F1CA1DD668E30022ED0B /* Info.plist */,
			);
			path = BreastScreeningDecisionsUITests;
			sourceTree = "<group>";
		};
		A8B7F1D61DD66A4D0022ED0B /* Extension */ = {
			isa = PBXGroup;
			children = (
				A8B7F1E71DD66BDB0022ED0B /* UILabelExtension.swift */,
			);
			name = Extension;
			sourceTree = "<group>";
		};
		A8B7F1D71DD66A570022ED0B /* Controller */ = {
			isa = PBXGroup;
			children = (
				A8B7F1EF1DD66CBB0022ED0B /* IndexViewController.swift */,
				A8B7F1F11DDA56870022ED0B /* IntroViewController.swift */,
				A8B7F1F31DDA66510022ED0B /* IntroPageViewController.swift */,
				A8B7F1F51DDA666A0022ED0B /* IntroPageContentViewController.swift */,
				A83C473A1DDB7FD8009D0EF1 /* CommonNavigationController.swift */,
				A83C47421DDBAFFD009D0EF1 /* YourRiskViewController.swift */,
				A82C6B831DDE56C6009639E0 /* ValuesViewController.swift */,
				A82C6B811DDE558F009639E0 /* SummaryViewController.swift */,
			);
			name = Controller;
			sourceTree = "<group>";
		};
		A8B7F1D81DD66A630022ED0B /* Task */ = {
			isa = PBXGroup;
			children = (
				A8B7F1DF1DD66B020022ED0B /* SurveyTasks.swift */,
			);
			name = Task;
			sourceTree = "<group>";
		};
		A8B7F1D91DD66A700022ED0B /* Step */ = {
			isa = PBXGroup;
			children = (
				A8B7F1E11DD66B810022ED0B /* ConsentDocument.swift */,
				A8B7F1E31DD66B9A0022ED0B /* HealthDataStep.swift */,
				A8B7F1E51DD66BBA0022ED0B /* HealthDataStepViewController.swift */,
			);
			name = Step;
			sourceTree = "<group>";
		};
		A8B7F1DA1DD66A770022ED0B /* Segue */ = {
			isa = PBXGroup;
			children = (
				A8B7F1E91DD66BF80022ED0B /* IndexSegue.swift */,
			);
			name = Segue;
			sourceTree = "<group>";
		};
		A8B7F1DB1DD66A8C0022ED0B /* Entity */ = {
			isa = PBXGroup;
			children = (
				A8B7F1EB1DD66C1D0022ED0B /* Survey.swift */,
			);
			name = Entity;
			sourceTree = "<group>";
		};
		A8B7F1DC1DD66A970022ED0B /* Model */ = {
			isa = PBXGroup;
			children = (
				A82C6B7F1DDE39CE009639E0 /* ApplicationDataModel.swift */,
			);
			name = Model;
			sourceTree = "<group>";
		};
		A8B7F1DD1DD66A9C0022ED0B /* Components */ = {
			isa = PBXGroup;
			children = (
				A82C6B7D1DDE257D009639E0 /* YourRiskTableViewCell.swift */,
			);
			name = Components;
			sourceTree = "<group>";
		};
		A8B7F1DE1DD66AA30022ED0B /* Helper */ = {
			isa = PBXGroup;
			children = (
				A8B7F1ED1DD66C520022ED0B /* ResearchKitHelper.swift */,
			);
			name = Helper;
			sourceTree = "<group>";
		};
		ED23B100DC109D9C7B15A5DC /* Pods */ = {
			isa = PBXGroup;
			children = (
				CE0A669197ED0D62A98F6FD6 /* Pods-BreastScreeningDecisions.debug.xcconfig */,
				F8F3309D0DF0222CDD4CBDDD /* Pods-BreastScreeningDecisions.release.xcconfig */,
				4DA7F21A93FEBE8B73240C74 /* Pods-BreastScreeningDecisionsTests.debug.xcconfig */,
				E13BD47D842DA7877489247D /* Pods-BreastScreeningDecisionsTests.release.xcconfig */,
				7C0D14096A03EF8A933C7EF9 /* Pods-BreastScreeningDecisionsUITests.debug.xcconfig */,
				D98BF8082DF2EAF62AA89473 /* Pods-BreastScreeningDecisionsUITests.release.xcconfig */,
			);
			name = Pods;
			sourceTree = "<group>";
		};
/* End PBXGroup section */

/* Begin PBXNativeTarget section */
		A8B7F1A41DD668E30022ED0B /* BreastScreeningDecisions */ = {
			isa = PBXNativeTarget;
			buildConfigurationList = A8B7F1CD1DD668E30022ED0B /* Build configuration list for PBXNativeTarget "BreastScreeningDecisions" */;
			buildPhases = (
				BFEAA59B159EBE69DB8B71E3 /* [CP] Check Pods Manifest.lock */,
				A8B7F1A11DD668E30022ED0B /* Sources */,
				A8B7F1A21DD668E30022ED0B /* Frameworks */,
				A8B7F1A31DD668E30022ED0B /* Resources */,
				159388C402C00D637276C5CD /* [CP] Embed Pods Frameworks */,
				AC12BAA5E27773A91749083C /* [CP] Copy Pods Resources */,
			);
			buildRules = (
			);
			dependencies = (
			);
			name = BreastScreeningDecisions;
			productName = BreastScreeningDecisions;
			productReference = A8B7F1A51DD668E30022ED0B /* BreastScreeningDecisions.app */;
			productType = "com.apple.product-type.application";
		};
		A8B7F1B81DD668E30022ED0B /* BreastScreeningDecisionsTests */ = {
			isa = PBXNativeTarget;
			buildConfigurationList = A8B7F1D01DD668E30022ED0B /* Build configuration list for PBXNativeTarget "BreastScreeningDecisionsTests" */;
			buildPhases = (
				ADF4CB73B41C277604C19C13 /* [CP] Check Pods Manifest.lock */,
				A8B7F1B51DD668E30022ED0B /* Sources */,
				A8B7F1B61DD668E30022ED0B /* Frameworks */,
				A8B7F1B71DD668E30022ED0B /* Resources */,
				435AAEECA97F36CDAB0E9930 /* [CP] Embed Pods Frameworks */,
				01A327A77EDC8F6277D24B57 /* [CP] Copy Pods Resources */,
			);
			buildRules = (
			);
			dependencies = (
				A8B7F1BB1DD668E30022ED0B /* PBXTargetDependency */,
			);
			name = BreastScreeningDecisionsTests;
			productName = BreastScreeningDecisionsTests;
			productReference = A8B7F1B91DD668E30022ED0B /* BreastScreeningDecisionsTests.xctest */;
			productType = "com.apple.product-type.bundle.unit-test";
		};
		A8B7F1C31DD668E30022ED0B /* BreastScreeningDecisionsUITests */ = {
			isa = PBXNativeTarget;
			buildConfigurationList = A8B7F1D31DD668E30022ED0B /* Build configuration list for PBXNativeTarget "BreastScreeningDecisionsUITests" */;
			buildPhases = (
				DE43740B81BAC8FC23538230 /* [CP] Check Pods Manifest.lock */,
				A8B7F1C01DD668E30022ED0B /* Sources */,
				A8B7F1C11DD668E30022ED0B /* Frameworks */,
				A8B7F1C21DD668E30022ED0B /* Resources */,
				6FE163BD947453D7350DBDCB /* [CP] Copy Pods Resources */,
			);
			buildRules = (
			);
			dependencies = (
				A8B7F1C61DD668E30022ED0B /* PBXTargetDependency */,
			);
			name = BreastScreeningDecisionsUITests;
			productName = BreastScreeningDecisionsUITests;
			productReference = A8B7F1C41DD668E30022ED0B /* BreastScreeningDecisionsUITests.xctest */;
			productType = "com.apple.product-type.bundle.ui-testing";
		};
/* End PBXNativeTarget section */

/* Begin PBXProject section */
		A8B7F19D1DD668E30022ED0B /* Project object */ = {
			isa = PBXProject;
			attributes = {
				LastSwiftUpdateCheck = 0810;
				LastUpgradeCheck = 0810;
				ORGANIZATIONNAME = "Weill Cornell Medicine";
				TargetAttributes = {
					A8B7F1A41DD668E30022ED0B = {
						CreatedOnToolsVersion = 8.1;
						DevelopmentTeam = N7T323633C;
						ProvisioningStyle = Automatic;
						SystemCapabilities = {
							com.apple.Keychain = {
								enabled = 1;
							};
						};
					};
					A8B7F1B81DD668E30022ED0B = {
						CreatedOnToolsVersion = 8.1;
						DevelopmentTeam = N7T323633C;
						ProvisioningStyle = Automatic;
						TestTargetID = A8B7F1A41DD668E30022ED0B;
					};
					A8B7F1C31DD668E30022ED0B = {
						CreatedOnToolsVersion = 8.1;
						DevelopmentTeam = N7T323633C;
						ProvisioningStyle = Automatic;
						TestTargetID = A8B7F1A41DD668E30022ED0B;
					};
				};
			};
			buildConfigurationList = A8B7F1A01DD668E30022ED0B /* Build configuration list for PBXProject "BreastScreeningDecisions" */;
			compatibilityVersion = "Xcode 3.2";
			developmentRegion = English;
			hasScannedForEncodings = 0;
			knownRegions = (
				en,
				Base,
			);
			mainGroup = A8B7F19C1DD668E30022ED0B;
			productRefGroup = A8B7F1A61DD668E30022ED0B /* Products */;
			projectDirPath = "";
			projectRoot = "";
			targets = (
				A8B7F1A41DD668E30022ED0B /* BreastScreeningDecisions */,
				A8B7F1B81DD668E30022ED0B /* BreastScreeningDecisionsTests */,
				A8B7F1C31DD668E30022ED0B /* BreastScreeningDecisionsUITests */,
			);
		};
/* End PBXProject section */

/* Begin PBXResourcesBuildPhase section */
		A8B7F1A31DD668E30022ED0B /* Resources */ = {
			isa = PBXResourcesBuildPhase;
			buildActionMask = 2147483647;
			files = (
				A8B7F1B31DD668E30022ED0B /* LaunchScreen.storyboard in Resources */,
				A8B7F1B01DD668E30022ED0B /* Assets.xcassets in Resources */,
				A8B7F1AE1DD668E30022ED0B /* Main.storyboard in Resources */,
			);
			runOnlyForDeploymentPostprocessing = 0;
		};
		A8B7F1B71DD668E30022ED0B /* Resources */ = {
			isa = PBXResourcesBuildPhase;
			buildActionMask = 2147483647;
			files = (
			);
			runOnlyForDeploymentPostprocessing = 0;
		};
		A8B7F1C21DD668E30022ED0B /* Resources */ = {
			isa = PBXResourcesBuildPhase;
			buildActionMask = 2147483647;
			files = (
			);
			runOnlyForDeploymentPostprocessing = 0;
		};
/* End PBXResourcesBuildPhase section */

/* Begin PBXShellScriptBuildPhase section */
		01A327A77EDC8F6277D24B57 /* [CP] Copy Pods Resources */ = {
			isa = PBXShellScriptBuildPhase;
			buildActionMask = 2147483647;
			files = (
			);
			inputPaths = (
			);
			name = "[CP] Copy Pods Resources";
			outputPaths = (
			);
			runOnlyForDeploymentPostprocessing = 0;
			shellPath = /bin/sh;
			shellScript = "\"${SRCROOT}/Pods/Target Support Files/Pods-BreastScreeningDecisionsTests/Pods-BreastScreeningDecisionsTests-resources.sh\"\n";
			showEnvVarsInLog = 0;
		};
		159388C402C00D637276C5CD /* [CP] Embed Pods Frameworks */ = {
			isa = PBXShellScriptBuildPhase;
			buildActionMask = 2147483647;
			files = (
			);
			inputPaths = (
			);
			name = "[CP] Embed Pods Frameworks";
			outputPaths = (
			);
			runOnlyForDeploymentPostprocessing = 0;
			shellPath = /bin/sh;
			shellScript = "\"${SRCROOT}/Pods/Target Support Files/Pods-BreastScreeningDecisions/Pods-BreastScreeningDecisions-frameworks.sh\"\n";
			showEnvVarsInLog = 0;
		};
		435AAEECA97F36CDAB0E9930 /* [CP] Embed Pods Frameworks */ = {
			isa = PBXShellScriptBuildPhase;
			buildActionMask = 2147483647;
			files = (
			);
			inputPaths = (
			);
			name = "[CP] Embed Pods Frameworks";
			outputPaths = (
			);
			runOnlyForDeploymentPostprocessing = 0;
			shellPath = /bin/sh;
			shellScript = "\"${SRCROOT}/Pods/Target Support Files/Pods-BreastScreeningDecisionsTests/Pods-BreastScreeningDecisionsTests-frameworks.sh\"\n";
			showEnvVarsInLog = 0;
		};
		6FE163BD947453D7350DBDCB /* [CP] Copy Pods Resources */ = {
			isa = PBXShellScriptBuildPhase;
			buildActionMask = 2147483647;
			files = (
			);
			inputPaths = (
			);
			name = "[CP] Copy Pods Resources";
			outputPaths = (
			);
			runOnlyForDeploymentPostprocessing = 0;
			shellPath = /bin/sh;
			shellScript = "\"${SRCROOT}/Pods/Target Support Files/Pods-BreastScreeningDecisionsUITests/Pods-BreastScreeningDecisionsUITests-resources.sh\"\n";
			showEnvVarsInLog = 0;
		};
		AC12BAA5E27773A91749083C /* [CP] Copy Pods Resources */ = {
			isa = PBXShellScriptBuildPhase;
			buildActionMask = 2147483647;
			files = (
			);
			inputPaths = (
			);
			name = "[CP] Copy Pods Resources";
			outputPaths = (
			);
			runOnlyForDeploymentPostprocessing = 0;
			shellPath = /bin/sh;
			shellScript = "\"${SRCROOT}/Pods/Target Support Files/Pods-BreastScreeningDecisions/Pods-BreastScreeningDecisions-resources.sh\"\n";
			showEnvVarsInLog = 0;
		};
		ADF4CB73B41C277604C19C13 /* [CP] Check Pods Manifest.lock */ = {
			isa = PBXShellScriptBuildPhase;
			buildActionMask = 2147483647;
			files = (
			);
			inputPaths = (
			);
			name = "[CP] Check Pods Manifest.lock";
			outputPaths = (
			);
			runOnlyForDeploymentPostprocessing = 0;
			shellPath = /bin/sh;
			shellScript = "diff \"${PODS_ROOT}/../Podfile.lock\" \"${PODS_ROOT}/Manifest.lock\" > /dev/null\nif [[ $? != 0 ]] ; then\n    cat << EOM\nerror: The sandbox is not in sync with the Podfile.lock. Run 'pod install' or update your CocoaPods installation.\nEOM\n    exit 1\nfi\n";
			showEnvVarsInLog = 0;
		};
		BFEAA59B159EBE69DB8B71E3 /* [CP] Check Pods Manifest.lock */ = {
			isa = PBXShellScriptBuildPhase;
			buildActionMask = 2147483647;
			files = (
			);
			inputPaths = (
			);
			name = "[CP] Check Pods Manifest.lock";
			outputPaths = (
			);
			runOnlyForDeploymentPostprocessing = 0;
			shellPath = /bin/sh;
			shellScript = "diff \"${PODS_ROOT}/../Podfile.lock\" \"${PODS_ROOT}/Manifest.lock\" > /dev/null\nif [[ $? != 0 ]] ; then\n    cat << EOM\nerror: The sandbox is not in sync with the Podfile.lock. Run 'pod install' or update your CocoaPods installation.\nEOM\n    exit 1\nfi\n";
			showEnvVarsInLog = 0;
		};
		DE43740B81BAC8FC23538230 /* [CP] Check Pods Manifest.lock */ = {
			isa = PBXShellScriptBuildPhase;
			buildActionMask = 2147483647;
			files = (
			);
			inputPaths = (
			);
			name = "[CP] Check Pods Manifest.lock";
			outputPaths = (
			);
			runOnlyForDeploymentPostprocessing = 0;
			shellPath = /bin/sh;
			shellScript = "diff \"${PODS_ROOT}/../Podfile.lock\" \"${PODS_ROOT}/Manifest.lock\" > /dev/null\nif [[ $? != 0 ]] ; then\n    cat << EOM\nerror: The sandbox is not in sync with the Podfile.lock. Run 'pod install' or update your CocoaPods installation.\nEOM\n    exit 1\nfi\n";
			showEnvVarsInLog = 0;
		};
/* End PBXShellScriptBuildPhase section */

/* Begin PBXSourcesBuildPhase section */
		A8B7F1A11DD668E30022ED0B /* Sources */ = {
			isa = PBXSourcesBuildPhase;
			buildActionMask = 2147483647;
			files = (
				A83C473B1DDB7FD8009D0EF1 /* CommonNavigationController.swift in Sources */,
				A82C6B7E1DDE257D009639E0 /* YourRiskTableViewCell.swift in Sources */,
				A8B7F1EC1DD66C1D0022ED0B /* Survey.swift in Sources */,
				A8B7F1E41DD66B9A0022ED0B /* HealthDataStep.swift in Sources */,
				A8B7F1E61DD66BBA0022ED0B /* HealthDataStepViewController.swift in Sources */,
				A8B7F1E21DD66B810022ED0B /* ConsentDocument.swift in Sources */,
				A8B7F1F41DDA66510022ED0B /* IntroPageViewController.swift in Sources */,
				A82C6B841DDE56C6009639E0 /* ValuesViewController.swift in Sources */,
				A8B7F1EE1DD66C520022ED0B /* ResearchKitHelper.swift in Sources */,
				A8B7F1EA1DD66BF80022ED0B /* IndexSegue.swift in Sources */,
				A8B7F1E81DD66BDB0022ED0B /* UILabelExtension.swift in Sources */,
				A8B7F1A91DD668E30022ED0B /* AppDelegate.swift in Sources */,
				A8B7F1F21DDA56870022ED0B /* IntroViewController.swift in Sources */,
				A8B7F1F01DD66CBB0022ED0B /* IndexViewController.swift in Sources */,
				A8B7F1F61DDA666A0022ED0B /* IntroPageContentViewController.swift in Sources */,
				A82C6B801DDE39CE009639E0 /* ApplicationDataModel.swift in Sources */,
				A83C47431DDBAFFE009D0EF1 /* YourRiskViewController.swift in Sources */,
				A8B7F1E01DD66B020022ED0B /* SurveyTasks.swift in Sources */,
				A82C6B821DDE558F009639E0 /* SummaryViewController.swift in Sources */,
			);
			runOnlyForDeploymentPostprocessing = 0;
		};
		A8B7F1B51DD668E30022ED0B /* Sources */ = {
			isa = PBXSourcesBuildPhase;
			buildActionMask = 2147483647;
			files = (
				A8B7F1BE1DD668E30022ED0B /* BreastScreeningDecisionsTests.swift in Sources */,
			);
			runOnlyForDeploymentPostprocessing = 0;
		};
		A8B7F1C01DD668E30022ED0B /* Sources */ = {
			isa = PBXSourcesBuildPhase;
			buildActionMask = 2147483647;
			files = (
				A8B7F1C91DD668E30022ED0B /* BreastScreeningDecisionsUITests.swift in Sources */,
			);
			runOnlyForDeploymentPostprocessing = 0;
		};
/* End PBXSourcesBuildPhase section */

/* Begin PBXTargetDependency section */
		A8B7F1BB1DD668E30022ED0B /* PBXTargetDependency */ = {
			isa = PBXTargetDependency;
			target = A8B7F1A41DD668E30022ED0B /* BreastScreeningDecisions */;
			targetProxy = A8B7F1BA1DD668E30022ED0B /* PBXContainerItemProxy */;
		};
		A8B7F1C61DD668E30022ED0B /* PBXTargetDependency */ = {
			isa = PBXTargetDependency;
			target = A8B7F1A41DD668E30022ED0B /* BreastScreeningDecisions */;
			targetProxy = A8B7F1C51DD668E30022ED0B /* PBXContainerItemProxy */;
		};
/* End PBXTargetDependency section */

/* Begin PBXVariantGroup section */
		A8B7F1AC1DD668E30022ED0B /* Main.storyboard */ = {
			isa = PBXVariantGroup;
			children = (
				A8B7F1AD1DD668E30022ED0B /* Base */,
			);
			name = Main.storyboard;
			sourceTree = "<group>";
		};
		A8B7F1B11DD668E30022ED0B /* LaunchScreen.storyboard */ = {
			isa = PBXVariantGroup;
			children = (
				A8B7F1B21DD668E30022ED0B /* Base */,
			);
			name = LaunchScreen.storyboard;
			sourceTree = "<group>";
		};
/* End PBXVariantGroup section */

/* Begin XCBuildConfiguration section */
		A8B7F1CB1DD668E30022ED0B /* Debug */ = {
			isa = XCBuildConfiguration;
			buildSettings = {
				ALWAYS_SEARCH_USER_PATHS = NO;
				CLANG_ANALYZER_NONNULL = YES;
				CLANG_CXX_LANGUAGE_STANDARD = "gnu++0x";
				CLANG_CXX_LIBRARY = "libc++";
				CLANG_ENABLE_MODULES = YES;
				CLANG_ENABLE_OBJC_ARC = YES;
				CLANG_WARN_BOOL_CONVERSION = YES;
				CLANG_WARN_CONSTANT_CONVERSION = YES;
				CLANG_WARN_DIRECT_OBJC_ISA_USAGE = YES_ERROR;
				CLANG_WARN_DOCUMENTATION_COMMENTS = YES;
				CLANG_WARN_EMPTY_BODY = YES;
				CLANG_WARN_ENUM_CONVERSION = YES;
				CLANG_WARN_INFINITE_RECURSION = YES;
				CLANG_WARN_INT_CONVERSION = YES;
				CLANG_WARN_OBJC_ROOT_CLASS = YES_ERROR;
				CLANG_WARN_SUSPICIOUS_MOVES = YES;
				CLANG_WARN_UNREACHABLE_CODE = YES;
				CLANG_WARN__DUPLICATE_METHOD_MATCH = YES;
				"CODE_SIGN_IDENTITY[sdk=iphoneos*]" = "iPhone Developer";
				COPY_PHASE_STRIP = NO;
				DEBUG_INFORMATION_FORMAT = dwarf;
				ENABLE_STRICT_OBJC_MSGSEND = YES;
				ENABLE_TESTABILITY = YES;
				GCC_C_LANGUAGE_STANDARD = gnu99;
				GCC_DYNAMIC_NO_PIC = NO;
				GCC_NO_COMMON_BLOCKS = YES;
				GCC_OPTIMIZATION_LEVEL = 0;
				GCC_PREPROCESSOR_DEFINITIONS = (
					"DEBUG=1",
					"$(inherited)",
				);
				GCC_WARN_64_TO_32_BIT_CONVERSION = YES;
				GCC_WARN_ABOUT_RETURN_TYPE = YES_ERROR;
				GCC_WARN_UNDECLARED_SELECTOR = YES;
				GCC_WARN_UNINITIALIZED_AUTOS = YES_AGGRESSIVE;
				GCC_WARN_UNUSED_FUNCTION = YES;
				GCC_WARN_UNUSED_VARIABLE = YES;
				IPHONEOS_DEPLOYMENT_TARGET = 10.1;
				MTL_ENABLE_DEBUG_INFO = YES;
				ONLY_ACTIVE_ARCH = YES;
				SDKROOT = iphoneos;
				SWIFT_ACTIVE_COMPILATION_CONDITIONS = DEBUG;
				SWIFT_OPTIMIZATION_LEVEL = "-Onone";
				TARGETED_DEVICE_FAMILY = "1,2";
			};
			name = Debug;
		};
		A8B7F1CC1DD668E30022ED0B /* Release */ = {
			isa = XCBuildConfiguration;
			buildSettings = {
				ALWAYS_SEARCH_USER_PATHS = NO;
				CLANG_ANALYZER_NONNULL = YES;
				CLANG_CXX_LANGUAGE_STANDARD = "gnu++0x";
				CLANG_CXX_LIBRARY = "libc++";
				CLANG_ENABLE_MODULES = YES;
				CLANG_ENABLE_OBJC_ARC = YES;
				CLANG_WARN_BOOL_CONVERSION = YES;
				CLANG_WARN_CONSTANT_CONVERSION = YES;
				CLANG_WARN_DIRECT_OBJC_ISA_USAGE = YES_ERROR;
				CLANG_WARN_DOCUMENTATION_COMMENTS = YES;
				CLANG_WARN_EMPTY_BODY = YES;
				CLANG_WARN_ENUM_CONVERSION = YES;
				CLANG_WARN_INFINITE_RECURSION = YES;
				CLANG_WARN_INT_CONVERSION = YES;
				CLANG_WARN_OBJC_ROOT_CLASS = YES_ERROR;
				CLANG_WARN_SUSPICIOUS_MOVES = YES;
				CLANG_WARN_UNREACHABLE_CODE = YES;
				CLANG_WARN__DUPLICATE_METHOD_MATCH = YES;
				"CODE_SIGN_IDENTITY[sdk=iphoneos*]" = "iPhone Developer";
				COPY_PHASE_STRIP = NO;
				DEBUG_INFORMATION_FORMAT = "dwarf-with-dsym";
				ENABLE_NS_ASSERTIONS = NO;
				ENABLE_STRICT_OBJC_MSGSEND = YES;
				GCC_C_LANGUAGE_STANDARD = gnu99;
				GCC_NO_COMMON_BLOCKS = YES;
				GCC_WARN_64_TO_32_BIT_CONVERSION = YES;
				GCC_WARN_ABOUT_RETURN_TYPE = YES_ERROR;
				GCC_WARN_UNDECLARED_SELECTOR = YES;
				GCC_WARN_UNINITIALIZED_AUTOS = YES_AGGRESSIVE;
				GCC_WARN_UNUSED_FUNCTION = YES;
				GCC_WARN_UNUSED_VARIABLE = YES;
				IPHONEOS_DEPLOYMENT_TARGET = 10.1;
				MTL_ENABLE_DEBUG_INFO = NO;
				SDKROOT = iphoneos;
				SWIFT_OPTIMIZATION_LEVEL = "-Owholemodule";
				TARGETED_DEVICE_FAMILY = "1,2";
				VALIDATE_PRODUCT = YES;
			};
			name = Release;
		};
		A8B7F1CE1DD668E30022ED0B /* Debug */ = {
			isa = XCBuildConfiguration;
			baseConfigurationReference = CE0A669197ED0D62A98F6FD6 /* Pods-BreastScreeningDecisions.debug.xcconfig */;
			buildSettings = {
				ASSETCATALOG_COMPILER_APPICON_NAME = AppIcon;
				CODE_SIGN_ENTITLEMENTS = BreastScreeningDecisions/BreastScreeningDecisions.entitlements;
				DEVELOPMENT_TEAM = N7T323633C;
				INFOPLIST_FILE = BreastScreeningDecisions/Info.plist;
				LD_RUNPATH_SEARCH_PATHS = "$(inherited) @executable_path/Frameworks";
				PRODUCT_BUNDLE_IDENTIFIER = edu.cornell.weill.BreastScreeningDecisions;
				PRODUCT_NAME = "$(TARGET_NAME)";
				SWIFT_VERSION = 3.0;
			};
			name = Debug;
		};
		A8B7F1CF1DD668E30022ED0B /* Release */ = {
			isa = XCBuildConfiguration;
			baseConfigurationReference = F8F3309D0DF0222CDD4CBDDD /* Pods-BreastScreeningDecisions.release.xcconfig */;
			buildSettings = {
				ASSETCATALOG_COMPILER_APPICON_NAME = AppIcon;
				CODE_SIGN_ENTITLEMENTS = BreastScreeningDecisions/BreastScreeningDecisions.entitlements;
				DEVELOPMENT_TEAM = N7T323633C;
				INFOPLIST_FILE = BreastScreeningDecisions/Info.plist;
				LD_RUNPATH_SEARCH_PATHS = "$(inherited) @executable_path/Frameworks";
				PRODUCT_BUNDLE_IDENTIFIER = edu.cornell.weill.BreastScreeningDecisions;
				PRODUCT_NAME = "$(TARGET_NAME)";
				SWIFT_VERSION = 3.0;
			};
			name = Release;
		};
		A8B7F1D11DD668E30022ED0B /* Debug */ = {
			isa = XCBuildConfiguration;
			baseConfigurationReference = 4DA7F21A93FEBE8B73240C74 /* Pods-BreastScreeningDecisionsTests.debug.xcconfig */;
			buildSettings = {
				ALWAYS_EMBED_SWIFT_STANDARD_LIBRARIES = YES;
				BUNDLE_LOADER = "$(TEST_HOST)";
				DEVELOPMENT_TEAM = N7T323633C;
				INFOPLIST_FILE = BreastScreeningDecisionsTests/Info.plist;
				LD_RUNPATH_SEARCH_PATHS = "$(inherited) @executable_path/Frameworks @loader_path/Frameworks";
				PRODUCT_BUNDLE_IDENTIFIER = edu.cornell.weill.BreastScreeningDecisionsTests;
				PRODUCT_NAME = "$(TARGET_NAME)";
				SWIFT_VERSION = 3.0;
				TEST_HOST = "$(BUILT_PRODUCTS_DIR)/BreastScreeningDecisions.app/BreastScreeningDecisions";
			};
			name = Debug;
		};
		A8B7F1D21DD668E30022ED0B /* Release */ = {
			isa = XCBuildConfiguration;
			baseConfigurationReference = E13BD47D842DA7877489247D /* Pods-BreastScreeningDecisionsTests.release.xcconfig */;
			buildSettings = {
				ALWAYS_EMBED_SWIFT_STANDARD_LIBRARIES = YES;
				BUNDLE_LOADER = "$(TEST_HOST)";
				DEVELOPMENT_TEAM = N7T323633C;
				INFOPLIST_FILE = BreastScreeningDecisionsTests/Info.plist;
				LD_RUNPATH_SEARCH_PATHS = "$(inherited) @executable_path/Frameworks @loader_path/Frameworks";
				PRODUCT_BUNDLE_IDENTIFIER = edu.cornell.weill.BreastScreeningDecisionsTests;
				PRODUCT_NAME = "$(TARGET_NAME)";
				SWIFT_VERSION = 3.0;
				TEST_HOST = "$(BUILT_PRODUCTS_DIR)/BreastScreeningDecisions.app/BreastScreeningDecisions";
			};
			name = Release;
		};
		A8B7F1D41DD668E30022ED0B /* Debug */ = {
			isa = XCBuildConfiguration;
			baseConfigurationReference = 7C0D14096A03EF8A933C7EF9 /* Pods-BreastScreeningDecisionsUITests.debug.xcconfig */;
			buildSettings = {
				ALWAYS_EMBED_SWIFT_STANDARD_LIBRARIES = YES;
				DEVELOPMENT_TEAM = N7T323633C;
				INFOPLIST_FILE = BreastScreeningDecisionsUITests/Info.plist;
				LD_RUNPATH_SEARCH_PATHS = "$(inherited) @executable_path/Frameworks @loader_path/Frameworks";
				PRODUCT_BUNDLE_IDENTIFIER = edu.cornell.weill.BreastScreeningDecisionsUITests;
				PRODUCT_NAME = "$(TARGET_NAME)";
				SWIFT_VERSION = 3.0;
				TEST_TARGET_NAME = BreastScreeningDecisions;
			};
			name = Debug;
		};
		A8B7F1D51DD668E30022ED0B /* Release */ = {
			isa = XCBuildConfiguration;
			baseConfigurationReference = D98BF8082DF2EAF62AA89473 /* Pods-BreastScreeningDecisionsUITests.release.xcconfig */;
			buildSettings = {
				ALWAYS_EMBED_SWIFT_STANDARD_LIBRARIES = YES;
				DEVELOPMENT_TEAM = N7T323633C;
				INFOPLIST_FILE = BreastScreeningDecisionsUITests/Info.plist;
				LD_RUNPATH_SEARCH_PATHS = "$(inherited) @executable_path/Frameworks @loader_path/Frameworks";
				PRODUCT_BUNDLE_IDENTIFIER = edu.cornell.weill.BreastScreeningDecisionsUITests;
				PRODUCT_NAME = "$(TARGET_NAME)";
				SWIFT_VERSION = 3.0;
				TEST_TARGET_NAME = BreastScreeningDecisions;
			};
			name = Release;
		};
/* End XCBuildConfiguration section */

/* Begin XCConfigurationList section */
		A8B7F1A01DD668E30022ED0B /* Build configuration list for PBXProject "BreastScreeningDecisions" */ = {
			isa = XCConfigurationList;
			buildConfigurations = (
				A8B7F1CB1DD668E30022ED0B /* Debug */,
				A8B7F1CC1DD668E30022ED0B /* Release */,
			);
			defaultConfigurationIsVisible = 0;
			defaultConfigurationName = Release;
		};
		A8B7F1CD1DD668E30022ED0B /* Build configuration list for PBXNativeTarget "BreastScreeningDecisions" */ = {
			isa = XCConfigurationList;
			buildConfigurations = (
				A8B7F1CE1DD668E30022ED0B /* Debug */,
				A8B7F1CF1DD668E30022ED0B /* Release */,
			);
			defaultConfigurationIsVisible = 0;
			defaultConfigurationName = Release;
		};
		A8B7F1D01DD668E30022ED0B /* Build configuration list for PBXNativeTarget "BreastScreeningDecisionsTests" */ = {
			isa = XCConfigurationList;
			buildConfigurations = (
				A8B7F1D11DD668E30022ED0B /* Debug */,
				A8B7F1D21DD668E30022ED0B /* Release */,
			);
			defaultConfigurationIsVisible = 0;
			defaultConfigurationName = Release;
		};
		A8B7F1D31DD668E30022ED0B /* Build configuration list for PBXNativeTarget "BreastScreeningDecisionsUITests" */ = {
			isa = XCConfigurationList;
			buildConfigurations = (
				A8B7F1D41DD668E30022ED0B /* Debug */,
				A8B7F1D51DD668E30022ED0B /* Release */,
			);
			defaultConfigurationIsVisible = 0;
			defaultConfigurationName = Release;
		};
/* End XCConfigurationList section */
	};
	rootObject = A8B7F19D1DD668E30022ED0B /* Project object */;
}
